// !$*UTF8*$!
{
	archiveVersion = 1;
	classes = {
	};
	objectVersion = 56;
	objects = {

/* Begin PBXBuildFile section */
		D098300F2C25B48F00A0FE7C /* AppDelegate.swift in Sources */ = {isa = PBXBuildFile; fileRef = D098300E2C25B48F00A0FE7C /* AppDelegate.swift */; };
		D09830112C25B48F00A0FE7C /* SceneDelegate.swift in Sources */ = {isa = PBXBuildFile; fileRef = D09830102C25B48F00A0FE7C /* SceneDelegate.swift */; };
		D09830132C25B48F00A0FE7C /* ViewController.swift in Sources */ = {isa = PBXBuildFile; fileRef = D09830122C25B48F00A0FE7C /* ViewController.swift */; };
		D09830162C25B48F00A0FE7C /* Base in Resources */ = {isa = PBXBuildFile; fileRef = D09830152C25B48F00A0FE7C /* Base */; };
		D09830182C25B49100A0FE7C /* Assets.xcassets in Resources */ = {isa = PBXBuildFile; fileRef = D09830172C25B49100A0FE7C /* Assets.xcassets */; };
		D098301B2C25B49100A0FE7C /* Base in Resources */ = {isa = PBXBuildFile; fileRef = D098301A2C25B49100A0FE7C /* Base */; };
		D09830262C25B49100A0FE7C /* Hiking_PlannerTests.swift in Sources */ = {isa = PBXBuildFile; fileRef = D09830252C25B49100A0FE7C /* Hiking_PlannerTests.swift */; };
		D09830302C25B49100A0FE7C /* Hiking_PlannerUITests.swift in Sources */ = {isa = PBXBuildFile; fileRef = D098302F2C25B49100A0FE7C /* Hiking_PlannerUITests.swift */; };
		D09830322C25B49100A0FE7C /* Hiking_PlannerUITestsLaunchTests.swift in Sources */ = {isa = PBXBuildFile; fileRef = D09830312C25B49100A0FE7C /* Hiking_PlannerUITestsLaunchTests.swift */; };
/* End PBXBuildFile section */

/* Begin PBXContainerItemProxy section */
		D09830222C25B49100A0FE7C /* PBXContainerItemProxy */ = {
			isa = PBXContainerItemProxy;
			containerPortal = D09830032C25B48F00A0FE7C /* Project object */;
			proxyType = 1;
			remoteGlobalIDString = D098300A2C25B48F00A0FE7C;
			remoteInfo = "Hiking Planner";
		};
		D098302C2C25B49100A0FE7C /* PBXContainerItemProxy */ = {
			isa = PBXContainerItemProxy;
			containerPortal = D09830032C25B48F00A0FE7C /* Project object */;
			proxyType = 1;
			remoteGlobalIDString = D098300A2C25B48F00A0FE7C;
			remoteInfo = "Hiking Planner";
		};
/* End PBXContainerItemProxy section */

/* Begin PBXFileReference section */
		D098300B2C25B48F00A0FE7C /* Hiking Planner.app */ = {isa = PBXFileReference; explicitFileType = wrapper.application; includeInIndex = 0; path = "Hiking Planner.app"; sourceTree = BUILT_PRODUCTS_DIR; };
		D098300E2C25B48F00A0FE7C /* AppDelegate.swift */ = {isa = PBXFileReference; lastKnownFileType = sourcecode.swift; path = AppDelegate.swift; sourceTree = "<group>"; };
		D09830102C25B48F00A0FE7C /* SceneDelegate.swift */ = {isa = PBXFileReference; lastKnownFileType = sourcecode.swift; path = SceneDelegate.swift; sourceTree = "<group>"; };
		D09830122C25B48F00A0FE7C /* ViewController.swift */ = {isa = PBXFileReference; lastKnownFileType = sourcecode.swift; path = ViewController.swift; sourceTree = "<group>"; };
		D09830152C25B48F00A0FE7C /* Base */ = {isa = PBXFileReference; lastKnownFileType = file.storyboard; name = Base; path = Base.lproj/Main.storyboard; sourceTree = "<group>"; };
		D09830172C25B49100A0FE7C /* Assets.xcassets */ = {isa = PBXFileReference; lastKnownFileType = folder.assetcatalog; path = Assets.xcassets; sourceTree = "<group>"; };
		D098301A2C25B49100A0FE7C /* Base */ = {isa = PBXFileReference; lastKnownFileType = file.storyboard; name = Base; path = Base.lproj/LaunchScreen.storyboard; sourceTree = "<group>"; };
		D098301C2C25B49100A0FE7C /* Info.plist */ = {isa = PBXFileReference; lastKnownFileType = text.plist.xml; path = Info.plist; sourceTree = "<group>"; };
		D09830212C25B49100A0FE7C /* Hiking PlannerTests.xctest */ = {isa = PBXFileReference; explicitFileType = wrapper.cfbundle; includeInIndex = 0; path = "Hiking PlannerTests.xctest"; sourceTree = BUILT_PRODUCTS_DIR; };
		D09830252C25B49100A0FE7C /* Hiking_PlannerTests.swift */ = {isa = PBXFileReference; lastKnownFileType = sourcecode.swift; path = Hiking_PlannerTests.swift; sourceTree = "<group>"; };
		D098302B2C25B49100A0FE7C /* Hiking PlannerUITests.xctest */ = {isa = PBXFileReference; explicitFileType = wrapper.cfbundle; includeInIndex = 0; path = "Hiking PlannerUITests.xctest"; sourceTree = BUILT_PRODUCTS_DIR; };
		D098302F2C25B49100A0FE7C /* Hiking_PlannerUITests.swift */ = {isa = PBXFileReference; lastKnownFileType = sourcecode.swift; path = Hiking_PlannerUITests.swift; sourceTree = "<group>"; };
		D09830312C25B49100A0FE7C /* Hiking_PlannerUITestsLaunchTests.swift */ = {isa = PBXFileReference; lastKnownFileType = sourcecode.swift; path = Hiking_PlannerUITestsLaunchTests.swift; sourceTree = "<group>"; };
/* End PBXFileReference section */

/* Begin PBXFrameworksBuildPhase section */
		D09830082C25B48F00A0FE7C /* Frameworks */ = {
			isa = PBXFrameworksBuildPhase;
			buildActionMask = 2147483647;
			files = (
			);
			runOnlyForDeploymentPostprocessing = 0;
		};
		D098301E2C25B49100A0FE7C /* Frameworks */ = {
			isa = PBXFrameworksBuildPhase;
			buildActionMask = 2147483647;
			files = (
			);
			runOnlyForDeploymentPostprocessing = 0;
		};
		D09830282C25B49100A0FE7C /* Frameworks */ = {
			isa = PBXFrameworksBuildPhase;
			buildActionMask = 2147483647;
			files = (
			);
			runOnlyForDeploymentPostprocessing = 0;
		};
/* End PBXFrameworksBuildPhase section */

/* Begin PBXGroup section */
		D09830022C25B48F00A0FE7C = {
			isa = PBXGroup;
			children = (
				D098300D2C25B48F00A0FE7C /* Hiking Planner */,
				D09830242C25B49100A0FE7C /* Hiking PlannerTests */,
				D098302E2C25B49100A0FE7C /* Hiking PlannerUITests */,
				D098300C2C25B48F00A0FE7C /* Products */,
			);
			sourceTree = "<group>";
		};
		D098300C2C25B48F00A0FE7C /* Products */ = {
			isa = PBXGroup;
			children = (
				D098300B2C25B48F00A0FE7C /* Hiking Planner.app */,
				D09830212C25B49100A0FE7C /* Hiking PlannerTests.xctest */,
				D098302B2C25B49100A0FE7C /* Hiking PlannerUITests.xctest */,
			);
			name = Products;
			sourceTree = "<group>";
		};
		D098300D2C25B48F00A0FE7C /* Hiking Planner */ = {
			isa = PBXGroup;
			children = (
				D098300E2C25B48F00A0FE7C /* AppDelegate.swift */,
				D09830102C25B48F00A0FE7C /* SceneDelegate.swift */,
				D09830122C25B48F00A0FE7C /* ViewController.swift */,
				D09830142C25B48F00A0FE7C /* Main.storyboard */,
				D09830172C25B49100A0FE7C /* Assets.xcassets */,
				D09830192C25B49100A0FE7C /* LaunchScreen.storyboard */,
				D098301C2C25B49100A0FE7C /* Info.plist */,
			);
			path = "Hiking Planner";
			sourceTree = "<group>";
		};
		D09830242C25B49100A0FE7C /* Hiking PlannerTests */ = {
			isa = PBXGroup;
			children = (
				D09830252C25B49100A0FE7C /* Hiking_PlannerTests.swift */,
			);
			path = "Hiking PlannerTests";
			sourceTree = "<group>";
		};
		D098302E2C25B49100A0FE7C /* Hiking PlannerUITests */ = {
			isa = PBXGroup;
			children = (
				D098302F2C25B49100A0FE7C /* Hiking_PlannerUITests.swift */,
				D09830312C25B49100A0FE7C /* Hiking_PlannerUITestsLaunchTests.swift */,
			);
			path = "Hiking PlannerUITests";
			sourceTree = "<group>";
		};
/* End PBXGroup section */

/* Begin PBXNativeTarget section */
		D098300A2C25B48F00A0FE7C /* Hiking Planner */ = {
			isa = PBXNativeTarget;
			buildConfigurationList = D09830352C25B49100A0FE7C /* Build configuration list for PBXNativeTarget "Hiking Planner" */;
			buildPhases = (
				D09830072C25B48F00A0FE7C /* Sources */,
				D09830082C25B48F00A0FE7C /* Frameworks */,
				D09830092C25B48F00A0FE7C /* Resources */,
			);
			buildRules = (
			);
			dependencies = (
			);
			name = "Hiking Planner";
			productName = "Hiking Planner";
			productReference = D098300B2C25B48F00A0FE7C /* Hiking Planner.app */;
			productType = "com.apple.product-type.application";
		};
		D09830202C25B49100A0FE7C /* Hiking PlannerTests */ = {
			isa = PBXNativeTarget;
			buildConfigurationList = D09830382C25B49100A0FE7C /* Build configuration list for PBXNativeTarget "Hiking PlannerTests" */;
			buildPhases = (
				D098301D2C25B49100A0FE7C /* Sources */,
				D098301E2C25B49100A0FE7C /* Frameworks */,
				D098301F2C25B49100A0FE7C /* Resources */,
			);
			buildRules = (
			);
			dependencies = (
				D09830232C25B49100A0FE7C /* PBXTargetDependency */,
			);
			name = "Hiking PlannerTests";
			productName = "Hiking PlannerTests";
			productReference = D09830212C25B49100A0FE7C /* Hiking PlannerTests.xctest */;
			productType = "com.apple.product-type.bundle.unit-test";
		};
		D098302A2C25B49100A0FE7C /* Hiking PlannerUITests */ = {
			isa = PBXNativeTarget;
			buildConfigurationList = D098303B2C25B49100A0FE7C /* Build configuration list for PBXNativeTarget "Hiking PlannerUITests" */;
			buildPhases = (
				D09830272C25B49100A0FE7C /* Sources */,
				D09830282C25B49100A0FE7C /* Frameworks */,
				D09830292C25B49100A0FE7C /* Resources */,
			);
			buildRules = (
			);
			dependencies = (
				D098302D2C25B49100A0FE7C /* PBXTargetDependency */,
			);
			name = "Hiking PlannerUITests";
			productName = "Hiking PlannerUITests";
			productReference = D098302B2C25B49100A0FE7C /* Hiking PlannerUITests.xctest */;
			productType = "com.apple.product-type.bundle.ui-testing";
		};
/* End PBXNativeTarget section */

/* Begin PBXProject section */
		D09830032C25B48F00A0FE7C /* Project object */ = {
			isa = PBXProject;
			attributes = {
				BuildIndependentTargetsInParallel = 1;
				LastSwiftUpdateCheck = 1530;
				LastUpgradeCheck = 1530;
				TargetAttributes = {
					D098300A2C25B48F00A0FE7C = {
						CreatedOnToolsVersion = 15.3;
					};
					D09830202C25B49100A0FE7C = {
						CreatedOnToolsVersion = 15.3;
						TestTargetID = D098300A2C25B48F00A0FE7C;
					};
					D098302A2C25B49100A0FE7C = {
						CreatedOnToolsVersion = 15.3;
						TestTargetID = D098300A2C25B48F00A0FE7C;
					};
				};
			};
			buildConfigurationList = D09830062C25B48F00A0FE7C /* Build configuration list for PBXProject "Hiking Planner" */;
			compatibilityVersion = "Xcode 14.0";
			developmentRegion = en;
			hasScannedForEncodings = 0;
			knownRegions = (
				en,
				Base,
			);
			mainGroup = D09830022C25B48F00A0FE7C;
			productRefGroup = D098300C2C25B48F00A0FE7C /* Products */;
			projectDirPath = "";
			projectRoot = "";
			targets = (
				D098300A2C25B48F00A0FE7C /* Hiking Planner */,
				D09830202C25B49100A0FE7C /* Hiking PlannerTests */,
				D098302A2C25B49100A0FE7C /* Hiking PlannerUITests */,
			);
		};
/* End PBXProject section */

/* Begin PBXResourcesBuildPhase section */
		D09830092C25B48F00A0FE7C /* Resources */ = {
			isa = PBXResourcesBuildPhase;
			buildActionMask = 2147483647;
			files = (
				D09830182C25B49100A0FE7C /* Assets.xcassets in Resources */,
				D098301B2C25B49100A0FE7C /* Base in Resources */,
				D09830162C25B48F00A0FE7C /* Base in Resources */,
			);
			runOnlyForDeploymentPostprocessing = 0;
		};
		D098301F2C25B49100A0FE7C /* Resources */ = {
			isa = PBXResourcesBuildPhase;
			buildActionMask = 2147483647;
			files = (
			);
			runOnlyForDeploymentPostprocessing = 0;
		};
		D09830292C25B49100A0FE7C /* Resources */ = {
			isa = PBXResourcesBuildPhase;
			buildActionMask = 2147483647;
			files = (
			);
			runOnlyForDeploymentPostprocessing = 0;
		};
/* End PBXResourcesBuildPhase section */

/* Begin PBXSourcesBuildPhase section */
		D09830072C25B48F00A0FE7C /* Sources */ = {
			isa = PBXSourcesBuildPhase;
			buildActionMask = 2147483647;
			files = (
				D09830132C25B48F00A0FE7C /* ViewController.swift in Sources */,
				D098300F2C25B48F00A0FE7C /* AppDelegate.swift in Sources */,
				D09830112C25B48F00A0FE7C /* SceneDelegate.swift in Sources */,
			);
			runOnlyForDeploymentPostprocessing = 0;
		};
		D098301D2C25B49100A0FE7C /* Sources */ = {
			isa = PBXSourcesBuildPhase;
			buildActionMask = 2147483647;
			files = (
				D09830262C25B49100A0FE7C /* Hiking_PlannerTests.swift in Sources */,
			);
			runOnlyForDeploymentPostprocessing = 0;
		};
		D09830272C25B49100A0FE7C /* Sources */ = {
			isa = PBXSourcesBuildPhase;
			buildActionMask = 2147483647;
			files = (
				D09830302C25B49100A0FE7C /* Hiking_PlannerUITests.swift in Sources */,
				D09830322C25B49100A0FE7C /* Hiking_PlannerUITestsLaunchTests.swift in Sources */,
			);
			runOnlyForDeploymentPostprocessing = 0;
		};
/* End PBXSourcesBuildPhase section */

/* Begin PBXTargetDependency section */
		D09830232C25B49100A0FE7C /* PBXTargetDependency */ = {
			isa = PBXTargetDependency;
			target = D098300A2C25B48F00A0FE7C /* Hiking Planner */;
			targetProxy = D09830222C25B49100A0FE7C /* PBXContainerItemProxy */;
		};
		D098302D2C25B49100A0FE7C /* PBXTargetDependency */ = {
			isa = PBXTargetDependency;
			target = D098300A2C25B48F00A0FE7C /* Hiking Planner */;
			targetProxy = D098302C2C25B49100A0FE7C /* PBXContainerItemProxy */;
		};
/* End PBXTargetDependency section */

/* Begin PBXVariantGroup section */
		D09830142C25B48F00A0FE7C /* Main.storyboard */ = {
			isa = PBXVariantGroup;
			children = (
				D09830152C25B48F00A0FE7C /* Base */,
			);
			name = Main.storyboard;
			sourceTree = "<group>";
		};
		D09830192C25B49100A0FE7C /* LaunchScreen.storyboard */ = {
			isa = PBXVariantGroup;
			children = (
				D098301A2C25B49100A0FE7C /* Base */,
			);
			name = LaunchScreen.storyboard;
			sourceTree = "<group>";
		};
/* End PBXVariantGroup section */

/* Begin XCBuildConfiguration section */
		D09830332C25B49100A0FE7C /* Debug */ = {
			isa = XCBuildConfiguration;
			buildSettings = {
				ALWAYS_SEARCH_USER_PATHS = NO;
				ASSETCATALOG_COMPILER_GENERATE_SWIFT_ASSET_SYMBOL_EXTENSIONS = YES;
				CLANG_ANALYZER_NONNULL = YES;
				CLANG_ANALYZER_NUMBER_OBJECT_CONVERSION = YES_AGGRESSIVE;
				CLANG_CXX_LANGUAGE_STANDARD = "gnu++20";
				CLANG_ENABLE_MODULES = YES;
				CLANG_ENABLE_OBJC_ARC = YES;
				CLANG_ENABLE_OBJC_WEAK = YES;
				CLANG_WARN_BLOCK_CAPTURE_AUTORELEASING = YES;
				CLANG_WARN_BOOL_CONVERSION = YES;
				CLANG_WARN_COMMA = YES;
				CLANG_WARN_CONSTANT_CONVERSION = YES;
				CLANG_WARN_DEPRECATED_OBJC_IMPLEMENTATIONS = YES;
				CLANG_WARN_DIRECT_OBJC_ISA_USAGE = YES_ERROR;
				CLANG_WARN_DOCUMENTATION_COMMENTS = YES;
				CLANG_WARN_EMPTY_BODY = YES;
				CLANG_WARN_ENUM_CONVERSION = YES;
				CLANG_WARN_INFINITE_RECURSION = YES;
				CLANG_WARN_INT_CONVERSION = YES;
				CLANG_WARN_NON_LITERAL_NULL_CONVERSION = YES;
				CLANG_WARN_OBJC_IMPLICIT_RETAIN_SELF = YES;
				CLANG_WARN_OBJC_LITERAL_CONVERSION = YES;
				CLANG_WARN_OBJC_ROOT_CLASS = YES_ERROR;
				CLANG_WARN_QUOTED_INCLUDE_IN_FRAMEWORK_HEADER = YES;
				CLANG_WARN_RANGE_LOOP_ANALYSIS = YES;
				CLANG_WARN_STRICT_PROTOTYPES = YES;
				CLANG_WARN_SUSPICIOUS_MOVE = YES;
				CLANG_WARN_UNGUARDED_AVAILABILITY = YES_AGGRESSIVE;
				CLANG_WARN_UNREACHABLE_CODE = YES;
				CLANG_WARN__DUPLICATE_METHOD_MATCH = YES;
				COPY_PHASE_STRIP = NO;
				DEBUG_INFORMATION_FORMAT = dwarf;
				ENABLE_STRICT_OBJC_MSGSEND = YES;
				ENABLE_TESTABILITY = YES;
				ENABLE_USER_SCRIPT_SANDBOXING = YES;
				GCC_C_LANGUAGE_STANDARD = gnu17;
				GCC_DYNAMIC_NO_PIC = NO;
				GCC_NO_COMMON_BLOCKS = YES;
				GCC_OPTIMIZATION_LEVEL = 0;
				GCC_PREPROCESSOR_DEFINITIONS = (
					"DEBUG=1",
					"$(inherited)",
				);
				GCC_WARN_64_TO_32_BIT_CONVERSION = YES;
				GCC_WARN_ABOUT_RETURN_TYPE = YES_ERROR;
				GCC_WARN_UNDECLARED_SELECTOR = YES;
				GCC_WARN_UNINITIALIZED_AUTOS = YES_AGGRESSIVE;
				GCC_WARN_UNUSED_FUNCTION = YES;
				GCC_WARN_UNUSED_VARIABLE = YES;
				IPHONEOS_DEPLOYMENT_TARGET = 17.4;
				LOCALIZATION_PREFERS_STRING_CATALOGS = YES;
				MTL_ENABLE_DEBUG_INFO = INCLUDE_SOURCE;
				MTL_FAST_MATH = YES;
				ONLY_ACTIVE_ARCH = YES;
				SDKROOT = iphoneos;
				SWIFT_ACTIVE_COMPILATION_CONDITIONS = "DEBUG $(inherited)";
				SWIFT_OPTIMIZATION_LEVEL = "-Onone";
			};
			name = Debug;
		};
		D09830342C25B49100A0FE7C /* Release */ = {
			isa = XCBuildConfiguration;
			buildSettings = {
				ALWAYS_SEARCH_USER_PATHS = NO;
				ASSETCATALOG_COMPILER_GENERATE_SWIFT_ASSET_SYMBOL_EXTENSIONS = YES;
				CLANG_ANALYZER_NONNULL = YES;
				CLANG_ANALYZER_NUMBER_OBJECT_CONVERSION = YES_AGGRESSIVE;
				CLANG_CXX_LANGUAGE_STANDARD = "gnu++20";
				CLANG_ENABLE_MODULES = YES;
				CLANG_ENABLE_OBJC_ARC = YES;
				CLANG_ENABLE_OBJC_WEAK = YES;
				CLANG_WARN_BLOCK_CAPTURE_AUTORELEASING = YES;
				CLANG_WARN_BOOL_CONVERSION = YES;
				CLANG_WARN_COMMA = YES;
				CLANG_WARN_CONSTANT_CONVERSION = YES;
				CLANG_WARN_DEPRECATED_OBJC_IMPLEMENTATIONS = YES;
				CLANG_WARN_DIRECT_OBJC_ISA_USAGE = YES_ERROR;
				CLANG_WARN_DOCUMENTATION_COMMENTS = YES;
				CLANG_WARN_EMPTY_BODY = YES;
				CLANG_WARN_ENUM_CONVERSION = YES;
				CLANG_WARN_INFINITE_RECURSION = YES;
				CLANG_WARN_INT_CONVERSION = YES;
				CLANG_WARN_NON_LITERAL_NULL_CONVERSION = YES;
				CLANG_WARN_OBJC_IMPLICIT_RETAIN_SELF = YES;
				CLANG_WARN_OBJC_LITERAL_CONVERSION = YES;
				CLANG_WARN_OBJC_ROOT_CLASS = YES_ERROR;
				CLANG_WARN_QUOTED_INCLUDE_IN_FRAMEWORK_HEADER = YES;
				CLANG_WARN_RANGE_LOOP_ANALYSIS = YES;
				CLANG_WARN_STRICT_PROTOTYPES = YES;
				CLANG_WARN_SUSPICIOUS_MOVE = YES;
				CLANG_WARN_UNGUARDED_AVAILABILITY = YES_AGGRESSIVE;
				CLANG_WARN_UNREACHABLE_CODE = YES;
				CLANG_WARN__DUPLICATE_METHOD_MATCH = YES;
				COPY_PHASE_STRIP = NO;
				DEBUG_INFORMATION_FORMAT = "dwarf-with-dsym";
				ENABLE_NS_ASSERTIONS = NO;
				ENABLE_STRICT_OBJC_MSGSEND = YES;
				ENABLE_USER_SCRIPT_SANDBOXING = YES;
				GCC_C_LANGUAGE_STANDARD = gnu17;
				GCC_NO_COMMON_BLOCKS = YES;
				GCC_WARN_64_TO_32_BIT_CONVERSION = YES;
				GCC_WARN_ABOUT_RETURN_TYPE = YES_ERROR;
				GCC_WARN_UNDECLARED_SELECTOR = YES;
				GCC_WARN_UNINITIALIZED_AUTOS = YES_AGGRESSIVE;
				GCC_WARN_UNUSED_FUNCTION = YES;
				GCC_WARN_UNUSED_VARIABLE = YES;
				IPHONEOS_DEPLOYMENT_TARGET = 17.4;
				LOCALIZATION_PREFERS_STRING_CATALOGS = YES;
				MTL_ENABLE_DEBUG_INFO = NO;
				MTL_FAST_MATH = YES;
				SDKROOT = iphoneos;
				SWIFT_COMPILATION_MODE = wholemodule;
				VALIDATE_PRODUCT = YES;
			};
			name = Release;
		};
		D09830362C25B49100A0FE7C /* Debug */ = {
			isa = XCBuildConfiguration;
			buildSettings = {
				ASSETCATALOG_COMPILER_APPICON_NAME = AppIcon;
				ASSETCATALOG_COMPILER_GLOBAL_ACCENT_COLOR_NAME = AccentColor;
				CODE_SIGN_STYLE = Automatic;
				CURRENT_PROJECT_VERSION = 1;
				DEVELOPMENT_TEAM = BUWU6XCAQ7;
				GENERATE_INFOPLIST_FILE = YES;
				INFOPLIST_FILE = "Hiking Planner/Info.plist";
				INFOPLIST_KEY_UIApplicationSupportsIndirectInputEvents = YES;
				INFOPLIST_KEY_UILaunchStoryboardName = LaunchScreen;
				INFOPLIST_KEY_UIMainStoryboardFile = Main;
				INFOPLIST_KEY_UISupportedInterfaceOrientations_iPad = "UIInterfaceOrientationPortrait UIInterfaceOrientationPortraitUpsideDown UIInterfaceOrientationLandscapeLeft UIInterfaceOrientationLandscapeRight";
				INFOPLIST_KEY_UISupportedInterfaceOrientations_iPhone = "UIInterfaceOrientationPortrait UIInterfaceOrientationLandscapeLeft UIInterfaceOrientationLandscapeRight";
				LD_RUNPATH_SEARCH_PATHS = (
					"$(inherited)",
					"@executable_path/Frameworks",
				);
				MARKETING_VERSION = 1.0;
				PRODUCT_BUNDLE_IDENTIFIER = "ge.academy.Hiking-Planner";
				PRODUCT_NAME = "$(TARGET_NAME)";
				SWIFT_EMIT_LOC_STRINGS = YES;
				SWIFT_VERSION = 5.0;
				TARGETED_DEVICE_FAMILY = "1,2";
			};
			name = Debug;
		};
		D09830372C25B49100A0FE7C /* Release */ = {
			isa = XCBuildConfiguration;
			buildSettings = {
				ASSETCATALOG_COMPILER_APPICON_NAME = AppIcon;
				ASSETCATALOG_COMPILER_GLOBAL_ACCENT_COLOR_NAME = AccentColor;
				CODE_SIGN_STYLE = Automatic;
				CURRENT_PROJECT_VERSION = 1;
				DEVELOPMENT_TEAM = BUWU6XCAQ7;
				GENERATE_INFOPLIST_FILE = YES;
				INFOPLIST_FILE = "Hiking Planner/Info.plist";
				INFOPLIST_KEY_UIApplicationSupportsIndirectInputEvents = YES;
				INFOPLIST_KEY_UILaunchStoryboardName = LaunchScreen;
				INFOPLIST_KEY_UIMainStoryboardFile = Main;
				INFOPLIST_KEY_UISupportedInterfaceOrientations_iPad = "UIInterfaceOrientationPortrait UIInterfaceOrientationPortraitUpsideDown UIInterfaceOrientationLandscapeLeft UIInterfaceOrientationLandscapeRight";
				INFOPLIST_KEY_UISupportedInterfaceOrientations_iPhone = "UIInterfaceOrientationPortrait UIInterfaceOrientationLandscapeLeft UIInterfaceOrientationLandscapeRight";
				LD_RUNPATH_SEARCH_PATHS = (
					"$(inherited)",
					"@executable_path/Frameworks",
				);
				MARKETING_VERSION = 1.0;
				PRODUCT_BUNDLE_IDENTIFIER = "ge.academy.Hiking-Planner";
				PRODUCT_NAME = "$(TARGET_NAME)";
				SWIFT_EMIT_LOC_STRINGS = YES;
				SWIFT_VERSION = 5.0;
				TARGETED_DEVICE_FAMILY = "1,2";
			};
			name = Release;
		};
		D09830392C25B49100A0FE7C /* Debug */ = {
			isa = XCBuildConfiguration;
			buildSettings = {
				ALWAYS_EMBED_SWIFT_STANDARD_LIBRARIES = YES;
				BUNDLE_LOADER = "$(TEST_HOST)";
				CODE_SIGN_STYLE = Automatic;
				CURRENT_PROJECT_VERSION = 1;
				DEVELOPMENT_TEAM = BUWU6XCAQ7;
				GENERATE_INFOPLIST_FILE = YES;
				IPHONEOS_DEPLOYMENT_TARGET = 17.4;
				MARKETING_VERSION = 1.0;
				PRODUCT_BUNDLE_IDENTIFIER = "ge.academy.Hiking-PlannerTests";
				PRODUCT_NAME = "$(TARGET_NAME)";
				SWIFT_EMIT_LOC_STRINGS = NO;
				SWIFT_VERSION = 5.0;
				TARGETED_DEVICE_FAMILY = "1,2";
				TEST_HOST = "$(BUILT_PRODUCTS_DIR)/Hiking Planner.app/$(BUNDLE_EXECUTABLE_FOLDER_PATH)/Hiking Planner";
			};
			name = Debug;
		};
		D098303A2C25B49100A0FE7C /* Release */ = {
			isa = XCBuildConfiguration;
			buildSettings = {
				ALWAYS_EMBED_SWIFT_STANDARD_LIBRARIES = YES;
				BUNDLE_LOADER = "$(TEST_HOST)";
				CODE_SIGN_STYLE = Automatic;
				CURRENT_PROJECT_VERSION = 1;
				DEVELOPMENT_TEAM = BUWU6XCAQ7;
				GENERATE_INFOPLIST_FILE = YES;
				IPHONEOS_DEPLOYMENT_TARGET = 17.4;
				MARKETING_VERSION = 1.0;
				PRODUCT_BUNDLE_IDENTIFIER = "ge.academy.Hiking-PlannerTests";
				PRODUCT_NAME = "$(TARGET_NAME)";
				SWIFT_EMIT_LOC_STRINGS = NO;
				SWIFT_VERSION = 5.0;
				TARGETED_DEVICE_FAMILY = "1,2";
				TEST_HOST = "$(BUILT_PRODUCTS_DIR)/Hiking Planner.app/$(BUNDLE_EXECUTABLE_FOLDER_PATH)/Hiking Planner";
			};
			name = Release;
		};
		D098303C2C25B49100A0FE7C /* Debug */ = {
			isa = XCBuildConfiguration;
			buildSettings = {
				ALWAYS_EMBED_SWIFT_STANDARD_LIBRARIES = YES;
				CODE_SIGN_STYLE = Automatic;
				CURRENT_PROJECT_VERSION = 1;
				DEVELOPMENT_TEAM = BUWU6XCAQ7;
				GENERATE_INFOPLIST_FILE = YES;
				MARKETING_VERSION = 1.0;
				PRODUCT_BUNDLE_IDENTIFIER = "ge.academy.Hiking-PlannerUITests";
				PRODUCT_NAME = "$(TARGET_NAME)";
				SWIFT_EMIT_LOC_STRINGS = NO;
				SWIFT_VERSION = 5.0;
				TARGETED_DEVICE_FAMILY = "1,2";
				TEST_TARGET_NAME = "Hiking Planner";
			};
			name = Debug;
		};
		D098303D2C25B49100A0FE7C /* Release */ = {
			isa = XCBuildConfiguration;
			buildSettings = {
				ALWAYS_EMBED_SWIFT_STANDARD_LIBRARIES = YES;
				CODE_SIGN_STYLE = Automatic;
				CURRENT_PROJECT_VERSION = 1;
				DEVELOPMENT_TEAM = BUWU6XCAQ7;
				GENERATE_INFOPLIST_FILE = YES;
				MARKETING_VERSION = 1.0;
				PRODUCT_BUNDLE_IDENTIFIER = "ge.academy.Hiking-PlannerUITests";
				PRODUCT_NAME = "$(TARGET_NAME)";
				SWIFT_EMIT_LOC_STRINGS = NO;
				SWIFT_VERSION = 5.0;
				TARGETED_DEVICE_FAMILY = "1,2";
				TEST_TARGET_NAME = "Hiking Planner";
			};
			name = Release;
		};
/* End XCBuildConfiguration section */

/* Begin XCConfigurationList section */
		D09830062C25B48F00A0FE7C /* Build configuration list for PBXProject "Hiking Planner" */ = {
			isa = XCConfigurationList;
			buildConfigurations = (
				D09830332C25B49100A0FE7C /* Debug */,
				D09830342C25B49100A0FE7C /* Release */,
			);
			defaultConfigurationIsVisible = 0;
			defaultConfigurationName = Release;
		};
		D09830352C25B49100A0FE7C /* Build configuration list for PBXNativeTarget "Hiking Planner" */ = {
			isa = XCConfigurationList;
			buildConfigurations = (
				D09830362C25B49100A0FE7C /* Debug */,
				D09830372C25B49100A0FE7C /* Release */,
			);
			defaultConfigurationIsVisible = 0;
			defaultConfigurationName = Release;
		};
		D09830382C25B49100A0FE7C /* Build configuration list for PBXNativeTarget "Hiking PlannerTests" */ = {
			isa = XCConfigurationList;
			buildConfigurations = (
				D09830392C25B49100A0FE7C /* Debug */,
				D098303A2C25B49100A0FE7C /* Release */,
			);
			defaultConfigurationIsVisible = 0;
			defaultConfigurationName = Release;
		};
		D098303B2C25B49100A0FE7C /* Build configuration list for PBXNativeTarget "Hiking PlannerUITests" */ = {
			isa = XCConfigurationList;
			buildConfigurations = (
				D098303C2C25B49100A0FE7C /* Debug */,
				D098303D2C25B49100A0FE7C /* Release */,
			);
			defaultConfigurationIsVisible = 0;
			defaultConfigurationName = Release;
		};
/* End XCConfigurationList section */
	};
	rootObject = D09830032C25B48F00A0FE7C /* Project object */;
}
