// !$*UTF8*$!
{
	archiveVersion = 1;
	classes = {
	};
	objectVersion = 56;
	objects = {

/* Begin PBXBuildFile section */
		D0008E782C47E40A00A0FF80 /* HikingSpotDetailViewController.swift in Sources */ = {isa = PBXBuildFile; fileRef = D0008E772C47E40A00A0FF80 /* HikingSpotDetailViewController.swift */; };
		D0008E7A2C47E78100A0FF80 /* RoomDetailView.swift in Sources */ = {isa = PBXBuildFile; fileRef = D0008E792C47E78100A0FF80 /* RoomDetailView.swift */; };
		D0008E7C2C47F81200A0FF80 /* RoomDetailViewController.swift in Sources */ = {isa = PBXBuildFile; fileRef = D0008E7B2C47F81200A0FF80 /* RoomDetailViewController.swift */; };
		D038CC532C4E906B00617C9A /* RandomViewController.swift in Sources */ = {isa = PBXBuildFile; fileRef = D038CC522C4E906B00617C9A /* RandomViewController.swift */; };
		D03D3A2C2C4DAAC000AC796A /* RoomViewModel.swift in Sources */ = {isa = PBXBuildFile; fileRef = D03D3A2B2C4DAAC000AC796A /* RoomViewModel.swift */; };
		D0499E792C4554A000BF4191 /* Networking in Frameworks */ = {isa = PBXBuildFile; productRef = D0499E782C4554A000BF4191 /* Networking */; };
		D04D9CE12C400C6E009ADB44 /* HikingPlannerApp.swift in Sources */ = {isa = PBXBuildFile; fileRef = D04D9CE02C400C6E009ADB44 /* HikingPlannerApp.swift */; };
		D04D9CEB2C400E54009ADB44 /* SearchViewController.swift in Sources */ = {isa = PBXBuildFile; fileRef = D04D9CEA2C400E54009ADB44 /* SearchViewController.swift */; };
		D0870BA02C4C306200666128 /* PopularHikingSpotsViewModel.swift in Sources */ = {isa = PBXBuildFile; fileRef = D0870B9F2C4C306200666128 /* PopularHikingSpotsViewModel.swift */; };
		D0870BA42C4C394F00666128 /* Popular.swift in Sources */ = {isa = PBXBuildFile; fileRef = D0870BA32C4C394F00666128 /* Popular.swift */; };
		D0870BA62C4C402F00666128 /* HorizontalCollectionViewCell.swift in Sources */ = {isa = PBXBuildFile; fileRef = D0870BA52C4C402F00666128 /* HorizontalCollectionViewCell.swift */; };
		D0870BA82C4D30A800666128 /* DataManager.swift in Sources */ = {isa = PBXBuildFile; fileRef = D0870BA72C4D30A800666128 /* DataManager.swift */; };
		D0870BAA2C4D3CF600666128 /* SearchResultCell.swift in Sources */ = {isa = PBXBuildFile; fileRef = D0870BA92C4D3CF600666128 /* SearchResultCell.swift */; };
		D0870BAC2C4D515F00666128 /* DetailViewController.swift in Sources */ = {isa = PBXBuildFile; fileRef = D0870BAB2C4D515F00666128 /* DetailViewController.swift */; };
		D0870BB72C4D97FC00666128 /* PopularCarsViewModel.swift in Sources */ = {isa = PBXBuildFile; fileRef = D0870BB62C4D97FC00666128 /* PopularCarsViewModel.swift */; };
		D0870BB92C4D982200666128 /* PopularHotelsViewModel.swift in Sources */ = {isa = PBXBuildFile; fileRef = D0870BB82C4D982200666128 /* PopularHotelsViewModel.swift */; };
		D0948C182C287BA6007A9207 /* Hotel.swift in Sources */ = {isa = PBXBuildFile; fileRef = D0948C172C287BA6007A9207 /* Hotel.swift */; };
		D098300F2C25B48F00A0FE7C /* AppDelegate.swift in Sources */ = {isa = PBXBuildFile; fileRef = D098300E2C25B48F00A0FE7C /* AppDelegate.swift */; };
		D09830182C25B49100A0FE7C /* Assets.xcassets in Resources */ = {isa = PBXBuildFile; fileRef = D09830172C25B49100A0FE7C /* Assets.xcassets */; };
		D098301B2C25B49100A0FE7C /* Base in Resources */ = {isa = PBXBuildFile; fileRef = D098301A2C25B49100A0FE7C /* Base */; };
		D098303F2C25B4F400A0FE7C /* HomeViewController.swift in Sources */ = {isa = PBXBuildFile; fileRef = D098303E2C25B4F400A0FE7C /* HomeViewController.swift */; };
		D0A8C2442C49BCA9000F599E /* HikingLevelView.swift in Sources */ = {isa = PBXBuildFile; fileRef = D0A8C2432C49BCA9000F599E /* HikingLevelView.swift */; };
		D0A8C2462C49BCD2000F599E /* HikingSpotView.swift in Sources */ = {isa = PBXBuildFile; fileRef = D0A8C2452C49BCD2000F599E /* HikingSpotView.swift */; };
		D0A8C2482C49C2CD000F599E /* TransportTypeView.swift in Sources */ = {isa = PBXBuildFile; fileRef = D0A8C2472C49C2CD000F599E /* TransportTypeView.swift */; };
		D0A8C24A2C49C2EA000F599E /* LevelsView.swift in Sources */ = {isa = PBXBuildFile; fileRef = D0A8C2492C49C2EA000F599E /* LevelsView.swift */; };
		D0B6AC392C4FED3600F51880 /* SearchViewModel.swift in Sources */ = {isa = PBXBuildFile; fileRef = D0B6AC382C4FED3600F51880 /* SearchViewModel.swift */; };
		D0B6AC3C2C50215100F51880 /* HeaderView.swift in Sources */ = {isa = PBXBuildFile; fileRef = D0B6AC3B2C50215100F51880 /* HeaderView.swift */; };
		D0BA8DD12C3D6B93006CDD46 /* HotelViewModel.swift in Sources */ = {isa = PBXBuildFile; fileRef = D0BA8DD02C3D6B93006CDD46 /* HotelViewModel.swift */; };
		D0BA8DD32C3D6BA0006CDD46 /* CarViewModel.swift in Sources */ = {isa = PBXBuildFile; fileRef = D0BA8DD22C3D6BA0006CDD46 /* CarViewModel.swift */; };
		D0BA8DD52C3D6BAC006CDD46 /* HikingSpotViewModel.swift in Sources */ = {isa = PBXBuildFile; fileRef = D0BA8DD42C3D6BAC006CDD46 /* HikingSpotViewModel.swift */; };
		D0BA8DD92C3D6C6C006CDD46 /* HikingViewController.swift in Sources */ = {isa = PBXBuildFile; fileRef = D0BA8DD82C3D6C6C006CDD46 /* HikingViewController.swift */; };
		D0BA8DDD2C3D6C8D006CDD46 /* HotelsViewController.swift in Sources */ = {isa = PBXBuildFile; fileRef = D0BA8DDC2C3D6C8D006CDD46 /* HotelsViewController.swift */; };
		D0BA8DEE2C3D70A3006CDD46 /* ContentView.swift in Sources */ = {isa = PBXBuildFile; fileRef = D0BA8DED2C3D70A3006CDD46 /* ContentView.swift */; };
		D0BC81212C46DDA800BA22E9 /* HotelRowView.swift in Sources */ = {isa = PBXBuildFile; fileRef = D0BC81202C46DDA800BA22E9 /* HotelRowView.swift */; };
		D0BC81242C46DDFB00BA22E9 /* HikingSpotDetailView.swift in Sources */ = {isa = PBXBuildFile; fileRef = D0BC81232C46DDFB00BA22E9 /* HikingSpotDetailView.swift */; };
		D0BC81262C46DE1300BA22E9 /* HikingSpotRowView.swift in Sources */ = {isa = PBXBuildFile; fileRef = D0BC81252C46DE1300BA22E9 /* HikingSpotRowView.swift */; };
		D0BC812F2C46DEE300BA22E9 /* CarRowView.swift in Sources */ = {isa = PBXBuildFile; fileRef = D0BC812E2C46DEE300BA22E9 /* CarRowView.swift */; };
		D0BC81312C46E27F00BA22E9 /* RentalCompanyViewModel.swift in Sources */ = {isa = PBXBuildFile; fileRef = D0BC81302C46E27F00BA22E9 /* RentalCompanyViewModel.swift */; };
		D0BC81342C46E2BB00BA22E9 /* RentalCompanyRowView.swift in Sources */ = {isa = PBXBuildFile; fileRef = D0BC81332C46E2BB00BA22E9 /* RentalCompanyRowView.swift */; };
		D0BC813A2C46E3FA00BA22E9 /* Extensions.swift in Sources */ = {isa = PBXBuildFile; fileRef = D0BC81392C46E3FA00BA22E9 /* Extensions.swift */; };
		D0BC813D2C46E44100BA22E9 /* CarTableViewCell.swift in Sources */ = {isa = PBXBuildFile; fileRef = D0BC813C2C46E44100BA22E9 /* CarTableViewCell.swift */; };
		D0BC81422C46E4FB00BA22E9 /* RentalCompanyListViewController.swift in Sources */ = {isa = PBXBuildFile; fileRef = D0BC81412C46E4FB00BA22E9 /* RentalCompanyListViewController.swift */; };
		D0BC81442C46E53500BA22E9 /* CarListViewController.swift in Sources */ = {isa = PBXBuildFile; fileRef = D0BC81432C46E53500BA22E9 /* CarListViewController.swift */; };
		D0BC81482C46EC0800BA22E9 /* RentalCompany.swift in Sources */ = {isa = PBXBuildFile; fileRef = D0BC81472C46EC0800BA22E9 /* RentalCompany.swift */; };
		D0BC81502C47181900BA22E9 /* RoomRowView.swift in Sources */ = {isa = PBXBuildFile; fileRef = D0BC814F2C47181900BA22E9 /* RoomRowView.swift */; };
		D0BC81562C47189700BA22E9 /* HotelListViewController.swift in Sources */ = {isa = PBXBuildFile; fileRef = D0BC81552C47189700BA22E9 /* HotelListViewController.swift */; };
		D0BC81592C4718BC00BA22E9 /* RoomListViewController.swift in Sources */ = {isa = PBXBuildFile; fileRef = D0BC81582C4718BC00BA22E9 /* RoomListViewController.swift */; };
		D0BC815C2C471BF400BA22E9 /* HikingSpot.swift in Sources */ = {isa = PBXBuildFile; fileRef = D0BC815B2C471BF400BA22E9 /* HikingSpot.swift */; };
		D0BC816B2C47218400BA22E9 /* HikingSpotTableViewCell.swift in Sources */ = {isa = PBXBuildFile; fileRef = D0BC816A2C47218400BA22E9 /* HikingSpotTableViewCell.swift */; };
		D0D6FB732C443E03007B6055 /* HotelTableViewCell.swift in Sources */ = {isa = PBXBuildFile; fileRef = D0D6FB722C443E03007B6055 /* HotelTableViewCell.swift */; };
		D0E403A32C42DDB400CC1F9B /* CarRentalDetailViewController.swift in Sources */ = {isa = PBXBuildFile; fileRef = D0E403A22C42DDB400CC1F9B /* CarRentalDetailViewController.swift */; };
		D0F1DD502C46D18E00DEE1C2 /* CarDetailViewController.swift in Sources */ = {isa = PBXBuildFile; fileRef = D0F1DD4F2C46D18E00DEE1C2 /* CarDetailViewController.swift */; };
		D0F1DD522C46D1C500DEE1C2 /* CarViewController.swift in Sources */ = {isa = PBXBuildFile; fileRef = D0F1DD512C46D1C500DEE1C2 /* CarViewController.swift */; };
/* End PBXBuildFile section */

/* Begin PBXContainerItemProxy section */
		D09830222C25B49100A0FE7C /* PBXContainerItemProxy */ = {
			isa = PBXContainerItemProxy;
			containerPortal = D09830032C25B48F00A0FE7C /* Project object */;
			proxyType = 1;
			remoteGlobalIDString = D098300A2C25B48F00A0FE7C;
			remoteInfo = "Hiking Planner";
		};
		D098302C2C25B49100A0FE7C /* PBXContainerItemProxy */ = {
			isa = PBXContainerItemProxy;
			containerPortal = D09830032C25B48F00A0FE7C /* Project object */;
			proxyType = 1;
			remoteGlobalIDString = D098300A2C25B48F00A0FE7C;
			remoteInfo = "Hiking Planner";
		};
/* End PBXContainerItemProxy section */

/* Begin PBXFileReference section */
		D0008E772C47E40A00A0FF80 /* HikingSpotDetailViewController.swift */ = {isa = PBXFileReference; lastKnownFileType = sourcecode.swift; name = HikingSpotDetailViewController.swift; path = ../HikingSpotDetailViewController.swift; sourceTree = "<group>"; };
		D0008E792C47E78100A0FF80 /* RoomDetailView.swift */ = {isa = PBXFileReference; lastKnownFileType = sourcecode.swift; path = RoomDetailView.swift; sourceTree = "<group>"; };
		D0008E7B2C47F81200A0FF80 /* RoomDetailViewController.swift */ = {isa = PBXFileReference; lastKnownFileType = sourcecode.swift; name = RoomDetailViewController.swift; path = ../RoomDetailViewController.swift; sourceTree = "<group>"; };
		D038CC522C4E906B00617C9A /* RandomViewController.swift */ = {isa = PBXFileReference; lastKnownFileType = sourcecode.swift; path = RandomViewController.swift; sourceTree = "<group>"; };
		D03D3A2B2C4DAAC000AC796A /* RoomViewModel.swift */ = {isa = PBXFileReference; lastKnownFileType = sourcecode.swift; path = RoomViewModel.swift; sourceTree = "<group>"; };
		D04D9CE02C400C6E009ADB44 /* HikingPlannerApp.swift */ = {isa = PBXFileReference; lastKnownFileType = sourcecode.swift; path = HikingPlannerApp.swift; sourceTree = "<group>"; };
		D04D9CEA2C400E54009ADB44 /* SearchViewController.swift */ = {isa = PBXFileReference; lastKnownFileType = sourcecode.swift; path = SearchViewController.swift; sourceTree = "<group>"; };
		D0870B9F2C4C306200666128 /* PopularHikingSpotsViewModel.swift */ = {isa = PBXFileReference; lastKnownFileType = sourcecode.swift; path = PopularHikingSpotsViewModel.swift; sourceTree = "<group>"; };
		D0870BA32C4C394F00666128 /* Popular.swift */ = {isa = PBXFileReference; lastKnownFileType = sourcecode.swift; path = Popular.swift; sourceTree = "<group>"; };
		D0870BA52C4C402F00666128 /* HorizontalCollectionViewCell.swift */ = {isa = PBXFileReference; lastKnownFileType = sourcecode.swift; path = HorizontalCollectionViewCell.swift; sourceTree = "<group>"; };
		D0870BA72C4D30A800666128 /* DataManager.swift */ = {isa = PBXFileReference; lastKnownFileType = sourcecode.swift; path = DataManager.swift; sourceTree = "<group>"; };
		D0870BA92C4D3CF600666128 /* SearchResultCell.swift */ = {isa = PBXFileReference; lastKnownFileType = sourcecode.swift; name = SearchResultCell.swift; path = ../SearchResultCell.swift; sourceTree = "<group>"; };
		D0870BAB2C4D515F00666128 /* DetailViewController.swift */ = {isa = PBXFileReference; lastKnownFileType = sourcecode.swift; name = DetailViewController.swift; path = ../DetailViewController.swift; sourceTree = "<group>"; };
		D0870BB62C4D97FC00666128 /* PopularCarsViewModel.swift */ = {isa = PBXFileReference; lastKnownFileType = sourcecode.swift; path = PopularCarsViewModel.swift; sourceTree = "<group>"; };
		D0870BB82C4D982200666128 /* PopularHotelsViewModel.swift */ = {isa = PBXFileReference; lastKnownFileType = sourcecode.swift; path = PopularHotelsViewModel.swift; sourceTree = "<group>"; };
		D0948C172C287BA6007A9207 /* Hotel.swift */ = {isa = PBXFileReference; lastKnownFileType = sourcecode.swift; path = Hotel.swift; sourceTree = "<group>"; };
		D098300B2C25B48F00A0FE7C /* Hiking Planner.app */ = {isa = PBXFileReference; explicitFileType = wrapper.application; includeInIndex = 0; path = "Hiking Planner.app"; sourceTree = BUILT_PRODUCTS_DIR; };
		D098300E2C25B48F00A0FE7C /* AppDelegate.swift */ = {isa = PBXFileReference; lastKnownFileType = sourcecode.swift; path = AppDelegate.swift; sourceTree = "<group>"; };
		D09830172C25B49100A0FE7C /* Assets.xcassets */ = {isa = PBXFileReference; lastKnownFileType = folder.assetcatalog; path = Assets.xcassets; sourceTree = "<group>"; };
		D098301A2C25B49100A0FE7C /* Base */ = {isa = PBXFileReference; lastKnownFileType = file.storyboard; name = Base; path = Base.lproj/LaunchScreen.storyboard; sourceTree = "<group>"; };
		D098301C2C25B49100A0FE7C /* Info.plist */ = {isa = PBXFileReference; lastKnownFileType = text.plist.xml; path = Info.plist; sourceTree = "<group>"; };
		D09830212C25B49100A0FE7C /* Hiking PlannerTests.xctest */ = {isa = PBXFileReference; explicitFileType = wrapper.cfbundle; includeInIndex = 0; path = "Hiking PlannerTests.xctest"; sourceTree = BUILT_PRODUCTS_DIR; };
		D098302B2C25B49100A0FE7C /* Hiking PlannerUITests.xctest */ = {isa = PBXFileReference; explicitFileType = wrapper.cfbundle; includeInIndex = 0; path = "Hiking PlannerUITests.xctest"; sourceTree = BUILT_PRODUCTS_DIR; };
		D098303E2C25B4F400A0FE7C /* HomeViewController.swift */ = {isa = PBXFileReference; lastKnownFileType = sourcecode.swift; path = HomeViewController.swift; sourceTree = "<group>"; };
		D0A8C2432C49BCA9000F599E /* HikingLevelView.swift */ = {isa = PBXFileReference; lastKnownFileType = sourcecode.swift; path = HikingLevelView.swift; sourceTree = "<group>"; };
		D0A8C2452C49BCD2000F599E /* HikingSpotView.swift */ = {isa = PBXFileReference; lastKnownFileType = sourcecode.swift; path = HikingSpotView.swift; sourceTree = "<group>"; };
		D0A8C2472C49C2CD000F599E /* TransportTypeView.swift */ = {isa = PBXFileReference; lastKnownFileType = sourcecode.swift; path = TransportTypeView.swift; sourceTree = "<group>"; };
		D0A8C2492C49C2EA000F599E /* LevelsView.swift */ = {isa = PBXFileReference; lastKnownFileType = sourcecode.swift; path = LevelsView.swift; sourceTree = "<group>"; };
		D0B6AC382C4FED3600F51880 /* SearchViewModel.swift */ = {isa = PBXFileReference; lastKnownFileType = sourcecode.swift; path = SearchViewModel.swift; sourceTree = "<group>"; };
		D0B6AC3B2C50215100F51880 /* HeaderView.swift */ = {isa = PBXFileReference; lastKnownFileType = sourcecode.swift; path = HeaderView.swift; sourceTree = "<group>"; };
		D0BA8DD02C3D6B93006CDD46 /* HotelViewModel.swift */ = {isa = PBXFileReference; lastKnownFileType = sourcecode.swift; path = HotelViewModel.swift; sourceTree = "<group>"; };
		D0BA8DD22C3D6BA0006CDD46 /* CarViewModel.swift */ = {isa = PBXFileReference; lastKnownFileType = sourcecode.swift; path = CarViewModel.swift; sourceTree = "<group>"; };
		D0BA8DD42C3D6BAC006CDD46 /* HikingSpotViewModel.swift */ = {isa = PBXFileReference; lastKnownFileType = sourcecode.swift; path = HikingSpotViewModel.swift; sourceTree = "<group>"; };
		D0BA8DD82C3D6C6C006CDD46 /* HikingViewController.swift */ = {isa = PBXFileReference; lastKnownFileType = sourcecode.swift; path = HikingViewController.swift; sourceTree = "<group>"; };
		D0BA8DDC2C3D6C8D006CDD46 /* HotelsViewController.swift */ = {isa = PBXFileReference; lastKnownFileType = sourcecode.swift; path = HotelsViewController.swift; sourceTree = "<group>"; };
		D0BA8DED2C3D70A3006CDD46 /* ContentView.swift */ = {isa = PBXFileReference; lastKnownFileType = sourcecode.swift; path = ContentView.swift; sourceTree = "<group>"; };
		D0BC81202C46DDA800BA22E9 /* HotelRowView.swift */ = {isa = PBXFileReference; lastKnownFileType = sourcecode.swift; path = HotelRowView.swift; sourceTree = "<group>"; };
		D0BC81232C46DDFB00BA22E9 /* HikingSpotDetailView.swift */ = {isa = PBXFileReference; lastKnownFileType = sourcecode.swift; path = HikingSpotDetailView.swift; sourceTree = "<group>"; };
		D0BC81252C46DE1300BA22E9 /* HikingSpotRowView.swift */ = {isa = PBXFileReference; lastKnownFileType = sourcecode.swift; path = HikingSpotRowView.swift; sourceTree = "<group>"; };
		D0BC812E2C46DEE300BA22E9 /* CarRowView.swift */ = {isa = PBXFileReference; lastKnownFileType = sourcecode.swift; path = CarRowView.swift; sourceTree = "<group>"; };
		D0BC81302C46E27F00BA22E9 /* RentalCompanyViewModel.swift */ = {isa = PBXFileReference; lastKnownFileType = sourcecode.swift; path = RentalCompanyViewModel.swift; sourceTree = "<group>"; };
		D0BC81332C46E2BB00BA22E9 /* RentalCompanyRowView.swift */ = {isa = PBXFileReference; lastKnownFileType = sourcecode.swift; path = RentalCompanyRowView.swift; sourceTree = "<group>"; };
		D0BC81392C46E3FA00BA22E9 /* Extensions.swift */ = {isa = PBXFileReference; lastKnownFileType = sourcecode.swift; path = Extensions.swift; sourceTree = "<group>"; };
		D0BC813C2C46E44100BA22E9 /* CarTableViewCell.swift */ = {isa = PBXFileReference; lastKnownFileType = sourcecode.swift; path = CarTableViewCell.swift; sourceTree = "<group>"; };
		D0BC81412C46E4FB00BA22E9 /* RentalCompanyListViewController.swift */ = {isa = PBXFileReference; lastKnownFileType = sourcecode.swift; path = RentalCompanyListViewController.swift; sourceTree = "<group>"; };
		D0BC81432C46E53500BA22E9 /* CarListViewController.swift */ = {isa = PBXFileReference; lastKnownFileType = sourcecode.swift; path = CarListViewController.swift; sourceTree = "<group>"; };
		D0BC81472C46EC0800BA22E9 /* RentalCompany.swift */ = {isa = PBXFileReference; lastKnownFileType = sourcecode.swift; path = RentalCompany.swift; sourceTree = "<group>"; };
		D0BC814F2C47181900BA22E9 /* RoomRowView.swift */ = {isa = PBXFileReference; lastKnownFileType = sourcecode.swift; path = RoomRowView.swift; sourceTree = "<group>"; };
		D0BC81552C47189700BA22E9 /* HotelListViewController.swift */ = {isa = PBXFileReference; lastKnownFileType = sourcecode.swift; path = HotelListViewController.swift; sourceTree = "<group>"; };
		D0BC81582C4718BC00BA22E9 /* RoomListViewController.swift */ = {isa = PBXFileReference; lastKnownFileType = sourcecode.swift; path = RoomListViewController.swift; sourceTree = "<group>"; };
		D0BC815B2C471BF400BA22E9 /* HikingSpot.swift */ = {isa = PBXFileReference; lastKnownFileType = sourcecode.swift; path = HikingSpot.swift; sourceTree = "<group>"; };
		D0BC816A2C47218400BA22E9 /* HikingSpotTableViewCell.swift */ = {isa = PBXFileReference; lastKnownFileType = sourcecode.swift; path = HikingSpotTableViewCell.swift; sourceTree = "<group>"; };
		D0D6FB722C443E03007B6055 /* HotelTableViewCell.swift */ = {isa = PBXFileReference; lastKnownFileType = sourcecode.swift; path = HotelTableViewCell.swift; sourceTree = "<group>"; };
		D0E403A22C42DDB400CC1F9B /* CarRentalDetailViewController.swift */ = {isa = PBXFileReference; lastKnownFileType = sourcecode.swift; path = CarRentalDetailViewController.swift; sourceTree = "<group>"; };
		D0F1DD4F2C46D18E00DEE1C2 /* CarDetailViewController.swift */ = {isa = PBXFileReference; lastKnownFileType = sourcecode.swift; name = CarDetailViewController.swift; path = ../CarDetailViewController.swift; sourceTree = "<group>"; };
		D0F1DD512C46D1C500DEE1C2 /* CarViewController.swift */ = {isa = PBXFileReference; lastKnownFileType = sourcecode.swift; path = CarViewController.swift; sourceTree = "<group>"; };
/* End PBXFileReference section */

/* Begin PBXFrameworksBuildPhase section */
		D09830082C25B48F00A0FE7C /* Frameworks */ = {
			isa = PBXFrameworksBuildPhase;
			buildActionMask = 2147483647;
			files = (
				D0499E792C4554A000BF4191 /* Networking in Frameworks */,
			);
			runOnlyForDeploymentPostprocessing = 0;
		};
		D098301E2C25B49100A0FE7C /* Frameworks */ = {
			isa = PBXFrameworksBuildPhase;
			buildActionMask = 2147483647;
			files = (
			);
			runOnlyForDeploymentPostprocessing = 0;
		};
		D09830282C25B49100A0FE7C /* Frameworks */ = {
			isa = PBXFrameworksBuildPhase;
			buildActionMask = 2147483647;
			files = (
			);
			runOnlyForDeploymentPostprocessing = 0;
		};
/* End PBXFrameworksBuildPhase section */

/* Begin PBXGroup section */
		D03D3A292C4D9B2500AC796A /* Supporting File */ = {
			isa = PBXGroup;
			children = (
				D09830192C25B49100A0FE7C /* LaunchScreen.storyboard */,
				D098301C2C25B49100A0FE7C /* Info.plist */,
			);
			path = "Supporting File";
			sourceTree = "<group>";
		};
		D04D9CE22C400C9C009ADB44 /* Models */ = {
			isa = PBXGroup;
			children = (
				D0948C172C287BA6007A9207 /* Hotel.swift */,
				D0BC81472C46EC0800BA22E9 /* RentalCompany.swift */,
				D0BC815B2C471BF400BA22E9 /* HikingSpot.swift */,
				D0870BA32C4C394F00666128 /* Popular.swift */,
			);
			path = Models;
			sourceTree = "<group>";
		};
		D0870BAE2C4D95FF00666128 /* Data Manager */ = {
			isa = PBXGroup;
			children = (
				D0870BA72C4D30A800666128 /* DataManager.swift */,
			);
			path = "Data Manager";
			sourceTree = "<group>";
		};
		D0870BBA2C4D98D500666128 /* Cell */ = {
			isa = PBXGroup;
			children = (
				D0870BA92C4D3CF600666128 /* SearchResultCell.swift */,
			);
			path = Cell;
			sourceTree = "<group>";
		};
		D0870BBB2C4D98F700666128 /* Details Page */ = {
			isa = PBXGroup;
			children = (
				D0870BAB2C4D515F00666128 /* DetailViewController.swift */,
			);
			path = "Details Page";
			sourceTree = "<group>";
		};
		D0870BBC2C4D990A00666128 /* Cell */ = {
			isa = PBXGroup;
			children = (
				D0870BA52C4C402F00666128 /* HorizontalCollectionViewCell.swift */,
			);
			path = Cell;
			sourceTree = "<group>";
		};
		D0870BBD2C4D992600666128 /* Details Page */ = {
			isa = PBXGroup;
			children = (
				D0008E772C47E40A00A0FF80 /* HikingSpotDetailViewController.swift */,
			);
			path = "Details Page";
			sourceTree = "<group>";
		};
		D0870BBE2C4D993200666128 /* Details Page */ = {
			isa = PBXGroup;
			children = (
				D0008E7B2C47F81200A0FF80 /* RoomDetailViewController.swift */,
			);
			path = "Details Page";
			sourceTree = "<group>";
		};
		D0870BBF2C4D996B00666128 /* Details Page */ = {
			isa = PBXGroup;
			children = (
				D0F1DD4F2C46D18E00DEE1C2 /* CarDetailViewController.swift */,
			);
			path = "Details Page";
			sourceTree = "<group>";
		};
		D0948BFA2C287979007A9207 /* ViewControllers */ = {
			isa = PBXGroup;
			children = (
				D0A8C2422C4949DC000F599E /* SearchPage */,
				D0A8C2412C4949CE000F599E /* HomePage */,
				D0BC81622C471CB500BA22E9 /* Hiking */,
				D0BC81542C47188C00BA22E9 /* Hotel */,
				D0BC81402C46E4E600BA22E9 /* RentalCompany */,
			);
			path = ViewControllers;
			sourceTree = "<group>";
		};
		D0948C012C287A15007A9207 /* Views */ = {
			isa = PBXGroup;
			children = (
				D0BA8DED2C3D70A3006CDD46 /* ContentView.swift */,
				D0B6AC3A2C50214500F51880 /* Home */,
				D0BC81322C46E2B000BA22E9 /* RentalCompany */,
				D0BC81222C46DDE400BA22E9 /* Hiking */,
				D0BC811D2C46DD6E00BA22E9 /* Hotel */,
			);
			path = Views;
			sourceTree = "<group>";
		};
		D0948C022C287A1A007A9207 /* ViewModels */ = {
			isa = PBXGroup;
			children = (
				D0BC81302C46E27F00BA22E9 /* RentalCompanyViewModel.swift */,
				D0BA8DD22C3D6BA0006CDD46 /* CarViewModel.swift */,
				D0BA8DD42C3D6BAC006CDD46 /* HikingSpotViewModel.swift */,
				D0BA8DD02C3D6B93006CDD46 /* HotelViewModel.swift */,
				D03D3A2B2C4DAAC000AC796A /* RoomViewModel.swift */,
				D0870B9F2C4C306200666128 /* PopularHikingSpotsViewModel.swift */,
				D0870BB62C4D97FC00666128 /* PopularCarsViewModel.swift */,
				D0870BB82C4D982200666128 /* PopularHotelsViewModel.swift */,
				D0B6AC382C4FED3600F51880 /* SearchViewModel.swift */,
			);
			name = ViewModels;
			path = SWIFTUI/ViewModels;
			sourceTree = "<group>";
		};
		D0948C352C287CD8007A9207 /* App */ = {
			isa = PBXGroup;
			children = (
				D098300E2C25B48F00A0FE7C /* AppDelegate.swift */,
				D04D9CE02C400C6E009ADB44 /* HikingPlannerApp.swift */,
			);
			path = App;
			sourceTree = "<group>";
		};
		D0948C382C287E73007A9207 /* Resources */ = {
			isa = PBXGroup;
			children = (
				D09830172C25B49100A0FE7C /* Assets.xcassets */,
			);
			path = Resources;
			sourceTree = "<group>";
		};
		D09830022C25B48F00A0FE7C = {
			isa = PBXGroup;
			children = (
				D098300D2C25B48F00A0FE7C /* Hiking Planner */,
				D098300C2C25B48F00A0FE7C /* Products */,
			);
			sourceTree = "<group>";
		};
		D098300C2C25B48F00A0FE7C /* Products */ = {
			isa = PBXGroup;
			children = (
				D098300B2C25B48F00A0FE7C /* Hiking Planner.app */,
				D09830212C25B49100A0FE7C /* Hiking PlannerTests.xctest */,
				D098302B2C25B49100A0FE7C /* Hiking PlannerUITests.xctest */,
			);
			name = Products;
			sourceTree = "<group>";
		};
		D098300D2C25B48F00A0FE7C /* Hiking Planner */ = {
			isa = PBXGroup;
			children = (
				D0948C352C287CD8007A9207 /* App */,
				D04D9CE22C400C9C009ADB44 /* Models */,
				D0870BAE2C4D95FF00666128 /* Data Manager */,
				D0948C022C287A1A007A9207 /* ViewModels */,
				D0948C012C287A15007A9207 /* Views */,
				D0948BFA2C287979007A9207 /* ViewControllers */,
				D0BC81382C46E3C800BA22E9 /* Extension */,
				D0948C382C287E73007A9207 /* Resources */,
				D03D3A292C4D9B2500AC796A /* Supporting File */,
			);
			path = "Hiking Planner";
			sourceTree = "<group>";
		};
		D0A8C2412C4949CE000F599E /* HomePage */ = {
			isa = PBXGroup;
			children = (
				D098303E2C25B4F400A0FE7C /* HomeViewController.swift */,
				D0870BBC2C4D990A00666128 /* Cell */,
				D038CC522C4E906B00617C9A /* RandomViewController.swift */,
			);
			path = HomePage;
			sourceTree = "<group>";
		};
		D0A8C2422C4949DC000F599E /* SearchPage */ = {
			isa = PBXGroup;
			children = (
				D04D9CEA2C400E54009ADB44 /* SearchViewController.swift */,
				D0870BBB2C4D98F700666128 /* Details Page */,
				D0870BBA2C4D98D500666128 /* Cell */,
			);
			path = SearchPage;
			sourceTree = "<group>";
		};
		D0B6AC3A2C50214500F51880 /* Home */ = {
			isa = PBXGroup;
			children = (
				D0B6AC3B2C50215100F51880 /* HeaderView.swift */,
			);
			path = Home;
			sourceTree = "<group>";
		};
		D0BC811D2C46DD6E00BA22E9 /* Hotel */ = {
			isa = PBXGroup;
			children = (
				D0BC81202C46DDA800BA22E9 /* HotelRowView.swift */,
				D0BC814E2C47180B00BA22E9 /* Room */,
			);
			path = Hotel;
			sourceTree = "<group>";
		};
		D0BC81222C46DDE400BA22E9 /* Hiking */ = {
			isa = PBXGroup;
			children = (
				D0BC81232C46DDFB00BA22E9 /* HikingSpotDetailView.swift */,
				D0BC81252C46DE1300BA22E9 /* HikingSpotRowView.swift */,
				D0A8C2432C49BCA9000F599E /* HikingLevelView.swift */,
				D0A8C2452C49BCD2000F599E /* HikingSpotView.swift */,
				D0A8C2472C49C2CD000F599E /* TransportTypeView.swift */,
				D0A8C2492C49C2EA000F599E /* LevelsView.swift */,
			);
			path = Hiking;
			sourceTree = "<group>";
		};
		D0BC81292C46DE9D00BA22E9 /* Car */ = {
			isa = PBXGroup;
			children = (
				D0BC812E2C46DEE300BA22E9 /* CarRowView.swift */,
			);
			path = Car;
			sourceTree = "<group>";
		};
		D0BC81322C46E2B000BA22E9 /* RentalCompany */ = {
			isa = PBXGroup;
			children = (
				D0BC81332C46E2BB00BA22E9 /* RentalCompanyRowView.swift */,
				D0BC81292C46DE9D00BA22E9 /* Car */,
			);
			path = RentalCompany;
			sourceTree = "<group>";
		};
		D0BC81372C46E3A600BA22E9 /* Cars */ = {
			isa = PBXGroup;
			children = (
				D0870BBF2C4D996B00666128 /* Details Page */,
				D0E403A22C42DDB400CC1F9B /* CarRentalDetailViewController.swift */,
				D0F1DD512C46D1C500DEE1C2 /* CarViewController.swift */,
				D0BC81432C46E53500BA22E9 /* CarListViewController.swift */,
				D0BC813B2C46E42900BA22E9 /* Cell */,
			);
			path = Cars;
			sourceTree = "<group>";
		};
		D0BC81382C46E3C800BA22E9 /* Extension */ = {
			isa = PBXGroup;
			children = (
				D0BC81392C46E3FA00BA22E9 /* Extensions.swift */,
			);
			name = Extension;
			path = ViewControllers/RentalCompany/Cars/Extension;
			sourceTree = "<group>";
		};
		D0BC813B2C46E42900BA22E9 /* Cell */ = {
			isa = PBXGroup;
			children = (
				D0BC813C2C46E44100BA22E9 /* CarTableViewCell.swift */,
			);
			path = Cell;
			sourceTree = "<group>";
		};
		D0BC81402C46E4E600BA22E9 /* RentalCompany */ = {
			isa = PBXGroup;
			children = (
				D0BC81412C46E4FB00BA22E9 /* RentalCompanyListViewController.swift */,
				D0BC81372C46E3A600BA22E9 /* Cars */,
			);
			path = RentalCompany;
			sourceTree = "<group>";
		};
		D0BC814E2C47180B00BA22E9 /* Room */ = {
			isa = PBXGroup;
			children = (
				D0BC814F2C47181900BA22E9 /* RoomRowView.swift */,
				D0008E792C47E78100A0FF80 /* RoomDetailView.swift */,
			);
			path = Room;
			sourceTree = "<group>";
		};
		D0BC81542C47188C00BA22E9 /* Hotel */ = {
			isa = PBXGroup;
			children = (
				D0BA8DDC2C3D6C8D006CDD46 /* HotelsViewController.swift */,
				D0BC81552C47189700BA22E9 /* HotelListViewController.swift */,
				D0BC815A2C4719ED00BA22E9 /* Cell */,
				D0BC81572C4718B100BA22E9 /* Room */,
			);
			path = Hotel;
			sourceTree = "<group>";
		};
		D0BC81572C4718B100BA22E9 /* Room */ = {
			isa = PBXGroup;
			children = (
				D0BC81582C4718BC00BA22E9 /* RoomListViewController.swift */,
				D0870BBE2C4D993200666128 /* Details Page */,
			);
			path = Room;
			sourceTree = "<group>";
		};
		D0BC815A2C4719ED00BA22E9 /* Cell */ = {
			isa = PBXGroup;
			children = (
				D0D6FB722C443E03007B6055 /* HotelTableViewCell.swift */,
			);
			path = Cell;
			sourceTree = "<group>";
		};
		D0BC81622C471CB500BA22E9 /* Hiking */ = {
			isa = PBXGroup;
			children = (
				D0BA8DD82C3D6C6C006CDD46 /* HikingViewController.swift */,
				D0870BBD2C4D992600666128 /* Details Page */,
				D0BC81692C47217100BA22E9 /* Cell */,
			);
			path = Hiking;
			sourceTree = "<group>";
		};
		D0BC81692C47217100BA22E9 /* Cell */ = {
			isa = PBXGroup;
			children = (
				D0BC816A2C47218400BA22E9 /* HikingSpotTableViewCell.swift */,
			);
			path = Cell;
			sourceTree = "<group>";
		};
/* End PBXGroup section */

/* Begin PBXNativeTarget section */
		D098300A2C25B48F00A0FE7C /* Hiking Planner */ = {
			isa = PBXNativeTarget;
			buildConfigurationList = D09830352C25B49100A0FE7C /* Build configuration list for PBXNativeTarget "Hiking Planner" */;
			buildPhases = (
				D09830072C25B48F00A0FE7C /* Sources */,
				D09830082C25B48F00A0FE7C /* Frameworks */,
				D09830092C25B48F00A0FE7C /* Resources */,
			);
			buildRules = (
			);
			dependencies = (
			);
			name = "Hiking Planner";
			packageProductDependencies = (
				D0499E782C4554A000BF4191 /* Networking */,
			);
			productName = "Hiking Planner";
			productReference = D098300B2C25B48F00A0FE7C /* Hiking Planner.app */;
			productType = "com.apple.product-type.application";
		};
		D09830202C25B49100A0FE7C /* Hiking PlannerTests */ = {
			isa = PBXNativeTarget;
			buildConfigurationList = D09830382C25B49100A0FE7C /* Build configuration list for PBXNativeTarget "Hiking PlannerTests" */;
			buildPhases = (
				D098301D2C25B49100A0FE7C /* Sources */,
				D098301E2C25B49100A0FE7C /* Frameworks */,
				D098301F2C25B49100A0FE7C /* Resources */,
			);
			buildRules = (
			);
			dependencies = (
				D09830232C25B49100A0FE7C /* PBXTargetDependency */,
			);
			name = "Hiking PlannerTests";
			productName = "Hiking PlannerTests";
			productReference = D09830212C25B49100A0FE7C /* Hiking PlannerTests.xctest */;
			productType = "com.apple.product-type.bundle.unit-test";
		};
		D098302A2C25B49100A0FE7C /* Hiking PlannerUITests */ = {
			isa = PBXNativeTarget;
			buildConfigurationList = D098303B2C25B49100A0FE7C /* Build configuration list for PBXNativeTarget "Hiking PlannerUITests" */;
			buildPhases = (
				D09830272C25B49100A0FE7C /* Sources */,
				D09830282C25B49100A0FE7C /* Frameworks */,
				D09830292C25B49100A0FE7C /* Resources */,
			);
			buildRules = (
			);
			dependencies = (
				D098302D2C25B49100A0FE7C /* PBXTargetDependency */,
			);
			name = "Hiking PlannerUITests";
			productName = "Hiking PlannerUITests";
			productReference = D098302B2C25B49100A0FE7C /* Hiking PlannerUITests.xctest */;
			productType = "com.apple.product-type.bundle.ui-testing";
		};
/* End PBXNativeTarget section */

/* Begin PBXProject section */
		D09830032C25B48F00A0FE7C /* Project object */ = {
			isa = PBXProject;
			attributes = {
				BuildIndependentTargetsInParallel = 1;
				LastSwiftUpdateCheck = 1530;
				LastUpgradeCheck = 1530;
				TargetAttributes = {
					D098300A2C25B48F00A0FE7C = {
						CreatedOnToolsVersion = 15.3;
					};
					D09830202C25B49100A0FE7C = {
						CreatedOnToolsVersion = 15.3;
						TestTargetID = D098300A2C25B48F00A0FE7C;
					};
					D098302A2C25B49100A0FE7C = {
						CreatedOnToolsVersion = 15.3;
						TestTargetID = D098300A2C25B48F00A0FE7C;
					};
				};
			};
			buildConfigurationList = D09830062C25B48F00A0FE7C /* Build configuration list for PBXProject "Hiking Planner" */;
			compatibilityVersion = "Xcode 14.0";
			developmentRegion = en;
			hasScannedForEncodings = 0;
			knownRegions = (
				en,
				Base,
			);
			mainGroup = D09830022C25B48F00A0FE7C;
			packageReferences = (
				D0BA8DEA2C3D6EAE006CDD46 /* XCRemoteSwiftPackageReference "KeychainAccess" */,
				D0D6FB742C455202007B6055 /* XCRemoteSwiftPackageReference "Networking" */,
			);
			productRefGroup = D098300C2C25B48F00A0FE7C /* Products */;
			projectDirPath = "";
			projectRoot = "";
			targets = (
				D098300A2C25B48F00A0FE7C /* Hiking Planner */,
				D09830202C25B49100A0FE7C /* Hiking PlannerTests */,
				D098302A2C25B49100A0FE7C /* Hiking PlannerUITests */,
			);
		};
/* End PBXProject section */

/* Begin PBXResourcesBuildPhase section */
		D09830092C25B48F00A0FE7C /* Resources */ = {
			isa = PBXResourcesBuildPhase;
			buildActionMask = 2147483647;
			files = (
				D09830182C25B49100A0FE7C /* Assets.xcassets in Resources */,
				D098301B2C25B49100A0FE7C /* Base in Resources */,
			);
			runOnlyForDeploymentPostprocessing = 0;
		};
		D098301F2C25B49100A0FE7C /* Resources */ = {
			isa = PBXResourcesBuildPhase;
			buildActionMask = 2147483647;
			files = (
			);
			runOnlyForDeploymentPostprocessing = 0;
		};
		D09830292C25B49100A0FE7C /* Resources */ = {
			isa = PBXResourcesBuildPhase;
			buildActionMask = 2147483647;
			files = (
			);
			runOnlyForDeploymentPostprocessing = 0;
		};
/* End PBXResourcesBuildPhase section */

/* Begin PBXSourcesBuildPhase section */
		D09830072C25B48F00A0FE7C /* Sources */ = {
			isa = PBXSourcesBuildPhase;
			buildActionMask = 2147483647;
			files = (
				D04D9CEB2C400E54009ADB44 /* SearchViewController.swift in Sources */,
				D098300F2C25B48F00A0FE7C /* AppDelegate.swift in Sources */,
				D0D6FB732C443E03007B6055 /* HotelTableViewCell.swift in Sources */,
				D0870BA82C4D30A800666128 /* DataManager.swift in Sources */,
				D03D3A2C2C4DAAC000AC796A /* RoomViewModel.swift in Sources */,
				D0BC81442C46E53500BA22E9 /* CarListViewController.swift in Sources */,
				D0BC812F2C46DEE300BA22E9 /* CarRowView.swift in Sources */,
				D0008E782C47E40A00A0FF80 /* HikingSpotDetailViewController.swift in Sources */,
				D0F1DD522C46D1C500DEE1C2 /* CarViewController.swift in Sources */,
				D0BC81482C46EC0800BA22E9 /* RentalCompany.swift in Sources */,
				D0870BA62C4C402F00666128 /* HorizontalCollectionViewCell.swift in Sources */,
				D0BC813A2C46E3FA00BA22E9 /* Extensions.swift in Sources */,
				D0BC81312C46E27F00BA22E9 /* RentalCompanyViewModel.swift in Sources */,
				D0BC81212C46DDA800BA22E9 /* HotelRowView.swift in Sources */,
				D0BC81502C47181900BA22E9 /* RoomRowView.swift in Sources */,
				D0BA8DD92C3D6C6C006CDD46 /* HikingViewController.swift in Sources */,
				D0870BA02C4C306200666128 /* PopularHikingSpotsViewModel.swift in Sources */,
				D0008E7A2C47E78100A0FF80 /* RoomDetailView.swift in Sources */,
				D0BA8DD32C3D6BA0006CDD46 /* CarViewModel.swift in Sources */,
				D0BA8DDD2C3D6C8D006CDD46 /* HotelsViewController.swift in Sources */,
				D0BA8DD52C3D6BAC006CDD46 /* HikingSpotViewModel.swift in Sources */,
				D0F1DD502C46D18E00DEE1C2 /* CarDetailViewController.swift in Sources */,
				D0BC815C2C471BF400BA22E9 /* HikingSpot.swift in Sources */,
				D0870BAA2C4D3CF600666128 /* SearchResultCell.swift in Sources */,
				D04D9CE12C400C6E009ADB44 /* HikingPlannerApp.swift in Sources */,
				D0BA8DEE2C3D70A3006CDD46 /* ContentView.swift in Sources */,
				D0BC81562C47189700BA22E9 /* HotelListViewController.swift in Sources */,
				D0948C182C287BA6007A9207 /* Hotel.swift in Sources */,
				D0870BB72C4D97FC00666128 /* PopularCarsViewModel.swift in Sources */,
				D0A8C2442C49BCA9000F599E /* HikingLevelView.swift in Sources */,
				D0BC81592C4718BC00BA22E9 /* RoomListViewController.swift in Sources */,
				D0BC816B2C47218400BA22E9 /* HikingSpotTableViewCell.swift in Sources */,
				D0A8C24A2C49C2EA000F599E /* LevelsView.swift in Sources */,
				D0870BA42C4C394F00666128 /* Popular.swift in Sources */,
				D0BC81422C46E4FB00BA22E9 /* RentalCompanyListViewController.swift in Sources */,
				D0BC81342C46E2BB00BA22E9 /* RentalCompanyRowView.swift in Sources */,
				D0BC81262C46DE1300BA22E9 /* HikingSpotRowView.swift in Sources */,
				D0008E7C2C47F81200A0FF80 /* RoomDetailViewController.swift in Sources */,
				D0870BAC2C4D515F00666128 /* DetailViewController.swift in Sources */,
				D0E403A32C42DDB400CC1F9B /* CarRentalDetailViewController.swift in Sources */,
				D0A8C2482C49C2CD000F599E /* TransportTypeView.swift in Sources */,
				D0870BB92C4D982200666128 /* PopularHotelsViewModel.swift in Sources */,
				D0A8C2462C49BCD2000F599E /* HikingSpotView.swift in Sources */,
				D0BA8DD12C3D6B93006CDD46 /* HotelViewModel.swift in Sources */,
				D0BC813D2C46E44100BA22E9 /* CarTableViewCell.swift in Sources */,
				D038CC532C4E906B00617C9A /* RandomViewController.swift in Sources */,
				D0B6AC392C4FED3600F51880 /* SearchViewModel.swift in Sources */,
				D0BC81242C46DDFB00BA22E9 /* HikingSpotDetailView.swift in Sources */,
				D098303F2C25B4F400A0FE7C /* HomeViewController.swift in Sources */,
				D0B6AC3C2C50215100F51880 /* HeaderView.swift in Sources */,
			);
			runOnlyForDeploymentPostprocessing = 0;
		};
		D098301D2C25B49100A0FE7C /* Sources */ = {
			isa = PBXSourcesBuildPhase;
			buildActionMask = 2147483647;
			files = (
			);
			runOnlyForDeploymentPostprocessing = 0;
		};
		D09830272C25B49100A0FE7C /* Sources */ = {
			isa = PBXSourcesBuildPhase;
			buildActionMask = 2147483647;
			files = (
			);
			runOnlyForDeploymentPostprocessing = 0;
		};
/* End PBXSourcesBuildPhase section */

/* Begin PBXTargetDependency section */
		D09830232C25B49100A0FE7C /* PBXTargetDependency */ = {
			isa = PBXTargetDependency;
			target = D098300A2C25B48F00A0FE7C /* Hiking Planner */;
			targetProxy = D09830222C25B49100A0FE7C /* PBXContainerItemProxy */;
		};
		D098302D2C25B49100A0FE7C /* PBXTargetDependency */ = {
			isa = PBXTargetDependency;
			target = D098300A2C25B48F00A0FE7C /* Hiking Planner */;
			targetProxy = D098302C2C25B49100A0FE7C /* PBXContainerItemProxy */;
		};
/* End PBXTargetDependency section */

/* Begin PBXVariantGroup section */
		D09830192C25B49100A0FE7C /* LaunchScreen.storyboard */ = {
			isa = PBXVariantGroup;
			children = (
				D098301A2C25B49100A0FE7C /* Base */,
			);
			name = LaunchScreen.storyboard;
			sourceTree = "<group>";
		};
/* End PBXVariantGroup section */

/* Begin XCBuildConfiguration section */
		D09830332C25B49100A0FE7C /* Debug */ = {
			isa = XCBuildConfiguration;
			buildSettings = {
				ALWAYS_SEARCH_USER_PATHS = NO;
				ASSETCATALOG_COMPILER_GENERATE_SWIFT_ASSET_SYMBOL_EXTENSIONS = YES;
				CLANG_ANALYZER_NONNULL = YES;
				CLANG_ANALYZER_NUMBER_OBJECT_CONVERSION = YES_AGGRESSIVE;
				CLANG_CXX_LANGUAGE_STANDARD = "gnu++20";
				CLANG_ENABLE_MODULES = YES;
				CLANG_ENABLE_OBJC_ARC = YES;
				CLANG_ENABLE_OBJC_WEAK = YES;
				CLANG_WARN_BLOCK_CAPTURE_AUTORELEASING = YES;
				CLANG_WARN_BOOL_CONVERSION = YES;
				CLANG_WARN_COMMA = YES;
				CLANG_WARN_CONSTANT_CONVERSION = YES;
				CLANG_WARN_DEPRECATED_OBJC_IMPLEMENTATIONS = YES;
				CLANG_WARN_DIRECT_OBJC_ISA_USAGE = YES_ERROR;
				CLANG_WARN_DOCUMENTATION_COMMENTS = YES;
				CLANG_WARN_EMPTY_BODY = YES;
				CLANG_WARN_ENUM_CONVERSION = YES;
				CLANG_WARN_INFINITE_RECURSION = YES;
				CLANG_WARN_INT_CONVERSION = YES;
				CLANG_WARN_NON_LITERAL_NULL_CONVERSION = YES;
				CLANG_WARN_OBJC_IMPLICIT_RETAIN_SELF = YES;
				CLANG_WARN_OBJC_LITERAL_CONVERSION = YES;
				CLANG_WARN_OBJC_ROOT_CLASS = YES_ERROR;
				CLANG_WARN_QUOTED_INCLUDE_IN_FRAMEWORK_HEADER = YES;
				CLANG_WARN_RANGE_LOOP_ANALYSIS = YES;
				CLANG_WARN_STRICT_PROTOTYPES = YES;
				CLANG_WARN_SUSPICIOUS_MOVE = YES;
				CLANG_WARN_UNGUARDED_AVAILABILITY = YES_AGGRESSIVE;
				CLANG_WARN_UNREACHABLE_CODE = YES;
				CLANG_WARN__DUPLICATE_METHOD_MATCH = YES;
				COPY_PHASE_STRIP = NO;
				DEBUG_INFORMATION_FORMAT = dwarf;
				ENABLE_STRICT_OBJC_MSGSEND = YES;
				ENABLE_TESTABILITY = YES;
				ENABLE_USER_SCRIPT_SANDBOXING = YES;
				GCC_C_LANGUAGE_STANDARD = gnu17;
				GCC_DYNAMIC_NO_PIC = NO;
				GCC_NO_COMMON_BLOCKS = YES;
				GCC_OPTIMIZATION_LEVEL = 0;
				GCC_PREPROCESSOR_DEFINITIONS = (
					"DEBUG=1",
					"$(inherited)",
				);
				GCC_WARN_64_TO_32_BIT_CONVERSION = YES;
				GCC_WARN_ABOUT_RETURN_TYPE = YES_ERROR;
				GCC_WARN_UNDECLARED_SELECTOR = YES;
				GCC_WARN_UNINITIALIZED_AUTOS = YES_AGGRESSIVE;
				GCC_WARN_UNUSED_FUNCTION = YES;
				GCC_WARN_UNUSED_VARIABLE = YES;
				IPHONEOS_DEPLOYMENT_TARGET = 17.4;
				LOCALIZATION_PREFERS_STRING_CATALOGS = YES;
				MTL_ENABLE_DEBUG_INFO = INCLUDE_SOURCE;
				MTL_FAST_MATH = YES;
				ONLY_ACTIVE_ARCH = YES;
				SDKROOT = iphoneos;
				SWIFT_ACTIVE_COMPILATION_CONDITIONS = "DEBUG $(inherited)";
				SWIFT_OPTIMIZATION_LEVEL = "-Onone";
			};
			name = Debug;
		};
		D09830342C25B49100A0FE7C /* Release */ = {
			isa = XCBuildConfiguration;
			buildSettings = {
				ALWAYS_SEARCH_USER_PATHS = NO;
				ASSETCATALOG_COMPILER_GENERATE_SWIFT_ASSET_SYMBOL_EXTENSIONS = YES;
				CLANG_ANALYZER_NONNULL = YES;
				CLANG_ANALYZER_NUMBER_OBJECT_CONVERSION = YES_AGGRESSIVE;
				CLANG_CXX_LANGUAGE_STANDARD = "gnu++20";
				CLANG_ENABLE_MODULES = YES;
				CLANG_ENABLE_OBJC_ARC = YES;
				CLANG_ENABLE_OBJC_WEAK = YES;
				CLANG_WARN_BLOCK_CAPTURE_AUTORELEASING = YES;
				CLANG_WARN_BOOL_CONVERSION = YES;
				CLANG_WARN_COMMA = YES;
				CLANG_WARN_CONSTANT_CONVERSION = YES;
				CLANG_WARN_DEPRECATED_OBJC_IMPLEMENTATIONS = YES;
				CLANG_WARN_DIRECT_OBJC_ISA_USAGE = YES_ERROR;
				CLANG_WARN_DOCUMENTATION_COMMENTS = YES;
				CLANG_WARN_EMPTY_BODY = YES;
				CLANG_WARN_ENUM_CONVERSION = YES;
				CLANG_WARN_INFINITE_RECURSION = YES;
				CLANG_WARN_INT_CONVERSION = YES;
				CLANG_WARN_NON_LITERAL_NULL_CONVERSION = YES;
				CLANG_WARN_OBJC_IMPLICIT_RETAIN_SELF = YES;
				CLANG_WARN_OBJC_LITERAL_CONVERSION = YES;
				CLANG_WARN_OBJC_ROOT_CLASS = YES_ERROR;
				CLANG_WARN_QUOTED_INCLUDE_IN_FRAMEWORK_HEADER = YES;
				CLANG_WARN_RANGE_LOOP_ANALYSIS = YES;
				CLANG_WARN_STRICT_PROTOTYPES = YES;
				CLANG_WARN_SUSPICIOUS_MOVE = YES;
				CLANG_WARN_UNGUARDED_AVAILABILITY = YES_AGGRESSIVE;
				CLANG_WARN_UNREACHABLE_CODE = YES;
				CLANG_WARN__DUPLICATE_METHOD_MATCH = YES;
				COPY_PHASE_STRIP = NO;
				DEBUG_INFORMATION_FORMAT = "dwarf-with-dsym";
				ENABLE_NS_ASSERTIONS = NO;
				ENABLE_STRICT_OBJC_MSGSEND = YES;
				ENABLE_USER_SCRIPT_SANDBOXING = YES;
				GCC_C_LANGUAGE_STANDARD = gnu17;
				GCC_NO_COMMON_BLOCKS = YES;
				GCC_WARN_64_TO_32_BIT_CONVERSION = YES;
				GCC_WARN_ABOUT_RETURN_TYPE = YES_ERROR;
				GCC_WARN_UNDECLARED_SELECTOR = YES;
				GCC_WARN_UNINITIALIZED_AUTOS = YES_AGGRESSIVE;
				GCC_WARN_UNUSED_FUNCTION = YES;
				GCC_WARN_UNUSED_VARIABLE = YES;
				IPHONEOS_DEPLOYMENT_TARGET = 17.4;
				LOCALIZATION_PREFERS_STRING_CATALOGS = YES;
				MTL_ENABLE_DEBUG_INFO = NO;
				MTL_FAST_MATH = YES;
				SDKROOT = iphoneos;
				SWIFT_COMPILATION_MODE = wholemodule;
				VALIDATE_PRODUCT = YES;
			};
			name = Release;
		};
		D09830362C25B49100A0FE7C /* Debug */ = {
			isa = XCBuildConfiguration;
			buildSettings = {
				ASSETCATALOG_COMPILER_APPICON_NAME = AppIcon;
				ASSETCATALOG_COMPILER_GLOBAL_ACCENT_COLOR_NAME = AccentColor;
				CODE_SIGN_STYLE = Automatic;
				CURRENT_PROJECT_VERSION = 1;
				DEVELOPMENT_TEAM = BUWU6XCAQ7;
				GENERATE_INFOPLIST_FILE = YES;
				INFOPLIST_FILE = "Hiking Planner/Supporting File/Info.plist";
				INFOPLIST_KEY_UIApplicationSupportsIndirectInputEvents = YES;
				INFOPLIST_KEY_UILaunchStoryboardName = LaunchScreen;
				INFOPLIST_KEY_UISupportedInterfaceOrientations_iPad = "UIInterfaceOrientationPortrait UIInterfaceOrientationPortraitUpsideDown UIInterfaceOrientationLandscapeLeft UIInterfaceOrientationLandscapeRight";
				INFOPLIST_KEY_UISupportedInterfaceOrientations_iPhone = "UIInterfaceOrientationPortrait UIInterfaceOrientationLandscapeLeft UIInterfaceOrientationLandscapeRight";
				LD_RUNPATH_SEARCH_PATHS = (
					"$(inherited)",
					"@executable_path/Frameworks",
				);
				MARKETING_VERSION = 1.0;
				PRODUCT_BUNDLE_IDENTIFIER = "ge.academy.Hiking-Planner";
				PRODUCT_NAME = "$(TARGET_NAME)";
				SWIFT_EMIT_LOC_STRINGS = YES;
				SWIFT_VERSION = 5.0;
				TARGETED_DEVICE_FAMILY = "1,2";
			};
			name = Debug;
		};
		D09830372C25B49100A0FE7C /* Release */ = {
			isa = XCBuildConfiguration;
			buildSettings = {
				ASSETCATALOG_COMPILER_APPICON_NAME = AppIcon;
				ASSETCATALOG_COMPILER_GLOBAL_ACCENT_COLOR_NAME = AccentColor;
				CODE_SIGN_STYLE = Automatic;
				CURRENT_PROJECT_VERSION = 1;
				DEVELOPMENT_TEAM = BUWU6XCAQ7;
				GENERATE_INFOPLIST_FILE = YES;
				INFOPLIST_FILE = "Hiking Planner/Supporting File/Info.plist";
				INFOPLIST_KEY_UIApplicationSupportsIndirectInputEvents = YES;
				INFOPLIST_KEY_UILaunchStoryboardName = LaunchScreen;
				INFOPLIST_KEY_UISupportedInterfaceOrientations_iPad = "UIInterfaceOrientationPortrait UIInterfaceOrientationPortraitUpsideDown UIInterfaceOrientationLandscapeLeft UIInterfaceOrientationLandscapeRight";
				INFOPLIST_KEY_UISupportedInterfaceOrientations_iPhone = "UIInterfaceOrientationPortrait UIInterfaceOrientationLandscapeLeft UIInterfaceOrientationLandscapeRight";
				LD_RUNPATH_SEARCH_PATHS = (
					"$(inherited)",
					"@executable_path/Frameworks",
				);
				MARKETING_VERSION = 1.0;
				PRODUCT_BUNDLE_IDENTIFIER = "ge.academy.Hiking-Planner";
				PRODUCT_NAME = "$(TARGET_NAME)";
				SWIFT_EMIT_LOC_STRINGS = YES;
				SWIFT_VERSION = 5.0;
				TARGETED_DEVICE_FAMILY = "1,2";
			};
			name = Release;
		};
		D09830392C25B49100A0FE7C /* Debug */ = {
			isa = XCBuildConfiguration;
			buildSettings = {
				ALWAYS_EMBED_SWIFT_STANDARD_LIBRARIES = YES;
				BUNDLE_LOADER = "$(TEST_HOST)";
				CODE_SIGN_STYLE = Automatic;
				CURRENT_PROJECT_VERSION = 1;
				DEVELOPMENT_TEAM = BUWU6XCAQ7;
				GENERATE_INFOPLIST_FILE = YES;
				IPHONEOS_DEPLOYMENT_TARGET = 17.4;
				MARKETING_VERSION = 1.0;
				PRODUCT_BUNDLE_IDENTIFIER = "ge.academy.Hiking-PlannerTests";
				PRODUCT_NAME = "$(TARGET_NAME)";
				SWIFT_EMIT_LOC_STRINGS = NO;
				SWIFT_VERSION = 5.0;
				TARGETED_DEVICE_FAMILY = "1,2";
				TEST_HOST = "$(BUILT_PRODUCTS_DIR)/Hiking Planner.app/$(BUNDLE_EXECUTABLE_FOLDER_PATH)/Hiking Planner";
			};
			name = Debug;
		};
		D098303A2C25B49100A0FE7C /* Release */ = {
			isa = XCBuildConfiguration;
			buildSettings = {
				ALWAYS_EMBED_SWIFT_STANDARD_LIBRARIES = YES;
				BUNDLE_LOADER = "$(TEST_HOST)";
				CODE_SIGN_STYLE = Automatic;
				CURRENT_PROJECT_VERSION = 1;
				DEVELOPMENT_TEAM = BUWU6XCAQ7;
				GENERATE_INFOPLIST_FILE = YES;
				IPHONEOS_DEPLOYMENT_TARGET = 17.4;
				MARKETING_VERSION = 1.0;
				PRODUCT_BUNDLE_IDENTIFIER = "ge.academy.Hiking-PlannerTests";
				PRODUCT_NAME = "$(TARGET_NAME)";
				SWIFT_EMIT_LOC_STRINGS = NO;
				SWIFT_VERSION = 5.0;
				TARGETED_DEVICE_FAMILY = "1,2";
				TEST_HOST = "$(BUILT_PRODUCTS_DIR)/Hiking Planner.app/$(BUNDLE_EXECUTABLE_FOLDER_PATH)/Hiking Planner";
			};
			name = Release;
		};
		D098303C2C25B49100A0FE7C /* Debug */ = {
			isa = XCBuildConfiguration;
			buildSettings = {
				ALWAYS_EMBED_SWIFT_STANDARD_LIBRARIES = YES;
				CODE_SIGN_STYLE = Automatic;
				CURRENT_PROJECT_VERSION = 1;
				DEVELOPMENT_TEAM = BUWU6XCAQ7;
				GENERATE_INFOPLIST_FILE = YES;
				MARKETING_VERSION = 1.0;
				PRODUCT_BUNDLE_IDENTIFIER = "ge.academy.Hiking-PlannerUITests";
				PRODUCT_NAME = "$(TARGET_NAME)";
				SWIFT_EMIT_LOC_STRINGS = NO;
				SWIFT_VERSION = 5.0;
				TARGETED_DEVICE_FAMILY = "1,2";
				TEST_TARGET_NAME = "Hiking Planner";
			};
			name = Debug;
		};
		D098303D2C25B49100A0FE7C /* Release */ = {
			isa = XCBuildConfiguration;
			buildSettings = {
				ALWAYS_EMBED_SWIFT_STANDARD_LIBRARIES = YES;
				CODE_SIGN_STYLE = Automatic;
				CURRENT_PROJECT_VERSION = 1;
				DEVELOPMENT_TEAM = BUWU6XCAQ7;
				GENERATE_INFOPLIST_FILE = YES;
				MARKETING_VERSION = 1.0;
				PRODUCT_BUNDLE_IDENTIFIER = "ge.academy.Hiking-PlannerUITests";
				PRODUCT_NAME = "$(TARGET_NAME)";
				SWIFT_EMIT_LOC_STRINGS = NO;
				SWIFT_VERSION = 5.0;
				TARGETED_DEVICE_FAMILY = "1,2";
				TEST_TARGET_NAME = "Hiking Planner";
			};
			name = Release;
		};
/* End XCBuildConfiguration section */

/* Begin XCConfigurationList section */
		D09830062C25B48F00A0FE7C /* Build configuration list for PBXProject "Hiking Planner" */ = {
			isa = XCConfigurationList;
			buildConfigurations = (
				D09830332C25B49100A0FE7C /* Debug */,
				D09830342C25B49100A0FE7C /* Release */,
			);
			defaultConfigurationIsVisible = 0;
			defaultConfigurationName = Release;
		};
		D09830352C25B49100A0FE7C /* Build configuration list for PBXNativeTarget "Hiking Planner" */ = {
			isa = XCConfigurationList;
			buildConfigurations = (
				D09830362C25B49100A0FE7C /* Debug */,
				D09830372C25B49100A0FE7C /* Release */,
			);
			defaultConfigurationIsVisible = 0;
			defaultConfigurationName = Release;
		};
		D09830382C25B49100A0FE7C /* Build configuration list for PBXNativeTarget "Hiking PlannerTests" */ = {
			isa = XCConfigurationList;
			buildConfigurations = (
				D09830392C25B49100A0FE7C /* Debug */,
				D098303A2C25B49100A0FE7C /* Release */,
			);
			defaultConfigurationIsVisible = 0;
			defaultConfigurationName = Release;
		};
		D098303B2C25B49100A0FE7C /* Build configuration list for PBXNativeTarget "Hiking PlannerUITests" */ = {
			isa = XCConfigurationList;
			buildConfigurations = (
				D098303C2C25B49100A0FE7C /* Debug */,
				D098303D2C25B49100A0FE7C /* Release */,
			);
			defaultConfigurationIsVisible = 0;
			defaultConfigurationName = Release;
		};
/* End XCConfigurationList section */

/* Begin XCRemoteSwiftPackageReference section */
		D0BA8DEA2C3D6EAE006CDD46 /* XCRemoteSwiftPackageReference "KeychainAccess" */ = {
			isa = XCRemoteSwiftPackageReference;
			repositoryURL = "https://github.com/kishikawakatsumi/KeychainAccess.git";
			requirement = {
				branch = master;
				kind = branch;
			};
		};
		D0D6FB742C455202007B6055 /* XCRemoteSwiftPackageReference "Networking" */ = {
			isa = XCRemoteSwiftPackageReference;
			repositoryURL = "https://github.com/devnoom/Networking.git";
			requirement = {
				branch = main;
				kind = branch;
			};
		};
/* End XCRemoteSwiftPackageReference section */

/* Begin XCSwiftPackageProductDependency section */
		D0499E782C4554A000BF4191 /* Networking */ = {
			isa = XCSwiftPackageProductDependency;
			package = D0D6FB742C455202007B6055 /* XCRemoteSwiftPackageReference "Networking" */;
			productName = Networking;
		};
/* End XCSwiftPackageProductDependency section */
	};
	rootObject = D09830032C25B48F00A0FE7C /* Project object */;
}
